// !$*UTF8*$!
{
	archiveVersion = 1;
	classes = {
	};
	objectVersion = 46;
	objects = {

/* Begin PBXBuildFile section */
		361B19FA165AF09A00BC19CB /* FFTBufferManager.cpp in Sources */ = {isa = PBXBuildFile; fileRef = 361B19F9165AF09A00BC19CB /* FFTBufferManager.cpp */; };
		361B19FB165AF09A00BC19CB /* FFTBufferManager.cpp in Sources */ = {isa = PBXBuildFile; fileRef = 361B19F9165AF09A00BC19CB /* FFTBufferManager.cpp */; };
		361B1A01165AF15100BC19CB /* rad2fft.c in Sources */ = {isa = PBXBuildFile; fileRef = 361B19FE165AF15100BC19CB /* rad2fft.c */; };
		361B1A02165AF15100BC19CB /* rad2fft.c in Sources */ = {isa = PBXBuildFile; fileRef = 361B19FE165AF15100BC19CB /* rad2fft.c */; };
		361B1A03165AF15100BC19CB /* SpectrumAnalysis.cpp in Sources */ = {isa = PBXBuildFile; fileRef = 361B1A00165AF15100BC19CB /* SpectrumAnalysis.cpp */; };
		361B1A04165AF15100BC19CB /* SpectrumAnalysis.cpp in Sources */ = {isa = PBXBuildFile; fileRef = 361B1A00165AF15100BC19CB /* SpectrumAnalysis.cpp */; };
		362C2AC8178E1C7900748B41 /* ProcessingFunctionsC.cpp in Sources */ = {isa = PBXBuildFile; fileRef = 362C2AC7178E1C7900748B41 /* ProcessingFunctionsC.cpp */; };
		363EA613178E196200A27151 /* ProcessingFunctions.m in Sources */ = {isa = PBXBuildFile; fileRef = 36791C1E17879361002681B7 /* ProcessingFunctions.m */; };
		363F2C7617A71B48000A249A /* UIView+Donald.m in Sources */ = {isa = PBXBuildFile; fileRef = 363F2C7517A71B47000A249A /* UIView+Donald.m */; };
		363F2C7917A72812000A249A /* TransmitGraphView.m in Sources */ = {isa = PBXBuildFile; fileRef = 363F2C7817A72811000A249A /* TransmitGraphView.m */; };
		366FDD8A178F4F440095C1A1 /* libCardIO.a in Frameworks */ = {isa = PBXBuildFile; fileRef = 366FDD89178F4F440095C1A1 /* libCardIO.a */; };
		366FDD8C178F4FA40095C1A1 /* AVFoundation.framework in Frameworks */ = {isa = PBXBuildFile; fileRef = 366FDD8B178F4FA40095C1A1 /* AVFoundation.framework */; };
		366FDD8E178F4FAF0095C1A1 /* CoreMedia.framework in Frameworks */ = {isa = PBXBuildFile; fileRef = 366FDD8D178F4FAF0095C1A1 /* CoreMedia.framework */; };
		366FDD90178F4FB80095C1A1 /* MobileCoreServices.framework in Frameworks */ = {isa = PBXBuildFile; fileRef = 366FDD8F178F4FB80095C1A1 /* MobileCoreServices.framework */; };
		366FDD92178F4FC20095C1A1 /* CoreVideo.framework in Frameworks */ = {isa = PBXBuildFile; fileRef = 366FDD91178F4FC20095C1A1 /* CoreVideo.framework */; };
		366FDD94178F4FCB0095C1A1 /* OpenGLES.framework in Frameworks */ = {isa = PBXBuildFile; fileRef = 366FDD93178F4FCB0095C1A1 /* OpenGLES.framework */; };
		366FDD96178F4FD50095C1A1 /* Security.framework in Frameworks */ = {isa = PBXBuildFile; fileRef = 366FDD95178F4FD50095C1A1 /* Security.framework */; };
		36791C1C178792BC002681B7 /* ProcessAlgoMain.m in Sources */ = {isa = PBXBuildFile; fileRef = 36791C1B178792BC002681B7 /* ProcessAlgoMain.m */; };
		36791C2217879361002681B7 /* ProcessingFunctions.m in Sources */ = {isa = PBXBuildFile; fileRef = 36791C1E17879361002681B7 /* ProcessingFunctions.m */; };
		36791C2317879361002681B7 /* Clump.m in Sources */ = {isa = PBXBuildFile; fileRef = 36791C2017879361002681B7 /* Clump.m */; };
		36791C2417879361002681B7 /* Clump.m in Sources */ = {isa = PBXBuildFile; fileRef = 36791C2017879361002681B7 /* Clump.m */; };
		3692BEA81657414F002A8605 /* audio_helper.cpp in Sources */ = {isa = PBXBuildFile; fileRef = 3692BEA71657414F002A8605 /* audio_helper.cpp */; };
		3692BEA91657414F002A8605 /* audio_helper.cpp in Sources */ = {isa = PBXBuildFile; fileRef = 3692BEA71657414F002A8605 /* audio_helper.cpp */; };
		3692BEB1165741E9002A8605 /* CADebugMacros.cpp in Sources */ = {isa = PBXBuildFile; fileRef = 3692BEAB165741E9002A8605 /* CADebugMacros.cpp */; };
		3692BEB2165741E9002A8605 /* CADebugMacros.cpp in Sources */ = {isa = PBXBuildFile; fileRef = 3692BEAB165741E9002A8605 /* CADebugMacros.cpp */; };
		3692BEB3165741E9002A8605 /* CAXException.cpp in Sources */ = {isa = PBXBuildFile; fileRef = 3692BEAD165741E9002A8605 /* CAXException.cpp */; };
		3692BEB4165741E9002A8605 /* CAXException.cpp in Sources */ = {isa = PBXBuildFile; fileRef = 3692BEAD165741E9002A8605 /* CAXException.cpp */; };
		3692BEB5165741E9002A8605 /* CAStreamBasicDescription.cpp in Sources */ = {isa = PBXBuildFile; fileRef = 3692BEB0165741E9002A8605 /* CAStreamBasicDescription.cpp */; };
		3692BEB6165741E9002A8605 /* CAStreamBasicDescription.cpp in Sources */ = {isa = PBXBuildFile; fileRef = 3692BEB0165741E9002A8605 /* CAStreamBasicDescription.cpp */; };
		36B750D2161693A700A6ED3B /* UIKit.framework in Frameworks */ = {isa = PBXBuildFile; fileRef = 36B750D1161693A700A6ED3B /* UIKit.framework */; };
		36B750D4161693A700A6ED3B /* Foundation.framework in Frameworks */ = {isa = PBXBuildFile; fileRef = 36B750D3161693A700A6ED3B /* Foundation.framework */; };
		36B750D6161693A700A6ED3B /* CoreGraphics.framework in Frameworks */ = {isa = PBXBuildFile; fileRef = 36B750D5161693A700A6ED3B /* CoreGraphics.framework */; };
		36B750DC161693A700A6ED3B /* InfoPlist.strings in Resources */ = {isa = PBXBuildFile; fileRef = 36B750DA161693A700A6ED3B /* InfoPlist.strings */; };
		36B750DE161693A700A6ED3B /* main.m in Sources */ = {isa = PBXBuildFile; fileRef = 36B750DD161693A700A6ED3B /* main.m */; };
		36B750E2161693A800A6ED3B /* AppDelegate.m in Sources */ = {isa = PBXBuildFile; fileRef = 36B750E1161693A800A6ED3B /* AppDelegate.m */; };
		36B750E4161693A800A6ED3B /* Default.png in Resources */ = {isa = PBXBuildFile; fileRef = 36B750E3161693A800A6ED3B /* Default.png */; };
		36B750E6161693A800A6ED3B /* Default@2x.png in Resources */ = {isa = PBXBuildFile; fileRef = 36B750E5161693A800A6ED3B /* Default@2x.png */; };
		36B750E8161693A800A6ED3B /* Default-568h@2x.png in Resources */ = {isa = PBXBuildFile; fileRef = 36B750E7161693A800A6ED3B /* Default-568h@2x.png */; };
		36B750EB161693A800A6ED3B /* MainStoryboard_iPhone.storyboard in Resources */ = {isa = PBXBuildFile; fileRef = 36B750E9161693A800A6ED3B /* MainStoryboard_iPhone.storyboard */; };
		36B750EE161693A800A6ED3B /* MainStoryboard_iPad.storyboard in Resources */ = {isa = PBXBuildFile; fileRef = 36B750EC161693A800A6ED3B /* MainStoryboard_iPad.storyboard */; };
		36B750F1161693A800A6ED3B /* ViewController.m in Sources */ = {isa = PBXBuildFile; fileRef = 36B750F0161693A800A6ED3B /* ViewController.m */; };
		36B750F9161693A800A6ED3B /* SenTestingKit.framework in Frameworks */ = {isa = PBXBuildFile; fileRef = 36B750F8161693A800A6ED3B /* SenTestingKit.framework */; };
		36B750FA161693A800A6ED3B /* UIKit.framework in Frameworks */ = {isa = PBXBuildFile; fileRef = 36B750D1161693A700A6ED3B /* UIKit.framework */; };
		36B750FB161693A800A6ED3B /* Foundation.framework in Frameworks */ = {isa = PBXBuildFile; fileRef = 36B750D3161693A700A6ED3B /* Foundation.framework */; };
		36B75103161693A800A6ED3B /* InfoPlist.strings in Resources */ = {isa = PBXBuildFile; fileRef = 36B75101161693A800A6ED3B /* InfoPlist.strings */; };
		36B75106161693A800A6ED3B /* UltrasoundTests.m in Sources */ = {isa = PBXBuildFile; fileRef = 36B75105161693A800A6ED3B /* UltrasoundTests.m */; };
		36B75111161693E900A6ED3B /* AudioManager.mm in Sources */ = {isa = PBXBuildFile; fileRef = 36B75110161693E900A6ED3B /* AudioManager.mm */; };
		36B751131616941300A6ED3B /* AudioToolbox.framework in Frameworks */ = {isa = PBXBuildFile; fileRef = 36B751121616941300A6ED3B /* AudioToolbox.framework */; };
		36C3017D1634966F00D44AE8 /* AudioPlayer.m in Sources */ = {isa = PBXBuildFile; fileRef = 36C3017C1634966F00D44AE8 /* AudioPlayer.m */; };
		36CC7AEB1784A906004E0127 /* QuartzCore.framework in Frameworks */ = {isa = PBXBuildFile; fileRef = 36CC7AEA1784A906004E0127 /* QuartzCore.framework */; };
		36CC7AEE1784E49E004E0127 /* Processor.m in Sources */ = {isa = PBXBuildFile; fileRef = 36CC7AED1784E49D004E0127 /* Processor.m */; };
		36F70B9517A33B090028228B /* TransmitViewController.m in Sources */ = {isa = PBXBuildFile; fileRef = 36F70B9417A33B090028228B /* TransmitViewController.m */; };
		36F70B9817A33B190028228B /* ReceiveViewController.m in Sources */ = {isa = PBXBuildFile; fileRef = 36F70B9717A33B190028228B /* ReceiveViewController.m */; };
		36F70B9F17A347FA0028228B /* GraphView.m in Sources */ = {isa = PBXBuildFile; fileRef = 36F70B9C17A347FA0028228B /* GraphView.m */; };
		36F70BA017A347FA0028228B /* GraphViewUtils.m in Sources */ = {isa = PBXBuildFile; fileRef = 36F70B9E17A347FA0028228B /* GraphViewUtils.m */; };
		36F70BA317A34E0F0028228B /* FFTGraphView.m in Sources */ = {isa = PBXBuildFile; fileRef = 36F70BA217A34E0F0028228B /* FFTGraphView.m */; };
/* End PBXBuildFile section */

/* Begin PBXContainerItemProxy section */
		36B750FC161693A800A6ED3B /* PBXContainerItemProxy */ = {
			isa = PBXContainerItemProxy;
			containerPortal = 36B750C4161693A700A6ED3B /* Project object */;
			proxyType = 1;
			remoteGlobalIDString = 36B750CC161693A700A6ED3B;
			remoteInfo = Ultrasound;
		};
/* End PBXContainerItemProxy section */

/* Begin PBXFileReference section */
		361B19F8165AF09A00BC19CB /* FFTBufferManager.h */ = {isa = PBXFileReference; fileEncoding = 4; lastKnownFileType = sourcecode.c.h; path = FFTBufferManager.h; sourceTree = "<group>"; };
		361B19F9165AF09A00BC19CB /* FFTBufferManager.cpp */ = {isa = PBXFileReference; fileEncoding = 4; lastKnownFileType = sourcecode.cpp.cpp; path = FFTBufferManager.cpp; sourceTree = "<group>"; };
		361B19FD165AF15100BC19CB /* rad2fft.h */ = {isa = PBXFileReference; fileEncoding = 4; lastKnownFileType = sourcecode.c.h; path = rad2fft.h; sourceTree = "<group>"; };
		361B19FE165AF15100BC19CB /* rad2fft.c */ = {isa = PBXFileReference; fileEncoding = 4; lastKnownFileType = sourcecode.c.c; path = rad2fft.c; sourceTree = "<group>"; };
		361B19FF165AF15100BC19CB /* SpectrumAnalysis.h */ = {isa = PBXFileReference; fileEncoding = 4; lastKnownFileType = sourcecode.c.h; path = SpectrumAnalysis.h; sourceTree = "<group>"; };
		361B1A00165AF15100BC19CB /* SpectrumAnalysis.cpp */ = {isa = PBXFileReference; fileEncoding = 4; lastKnownFileType = sourcecode.cpp.cpp; path = SpectrumAnalysis.cpp; sourceTree = "<group>"; };
		362C2AC6178E1C5500748B41 /* ProcessingFunctionsC.h */ = {isa = PBXFileReference; lastKnownFileType = sourcecode.c.h; path = ProcessingFunctionsC.h; sourceTree = "<group>"; };
		362C2AC7178E1C7900748B41 /* ProcessingFunctionsC.cpp */ = {isa = PBXFileReference; fileEncoding = 4; lastKnownFileType = sourcecode.cpp.cpp; path = ProcessingFunctionsC.cpp; sourceTree = "<group>"; };
		363F2C7417A71B47000A249A /* UIView+Donald.h */ = {isa = PBXFileReference; fileEncoding = 4; lastKnownFileType = sourcecode.c.h; path = "UIView+Donald.h"; sourceTree = "<group>"; };
		363F2C7517A71B47000A249A /* UIView+Donald.m */ = {isa = PBXFileReference; fileEncoding = 4; lastKnownFileType = sourcecode.c.objc; path = "UIView+Donald.m"; sourceTree = "<group>"; };
		363F2C7717A72811000A249A /* TransmitGraphView.h */ = {isa = PBXFileReference; fileEncoding = 4; lastKnownFileType = sourcecode.c.h; path = TransmitGraphView.h; sourceTree = "<group>"; };
		363F2C7817A72811000A249A /* TransmitGraphView.m */ = {isa = PBXFileReference; fileEncoding = 4; lastKnownFileType = sourcecode.c.objc; path = TransmitGraphView.m; sourceTree = "<group>"; };
		366FDD85178F4F440095C1A1 /* CardIO.h */ = {isa = PBXFileReference; fileEncoding = 4; lastKnownFileType = sourcecode.c.h; path = CardIO.h; sourceTree = "<group>"; };
		366FDD86178F4F440095C1A1 /* CardIOCreditCardInfo.h */ = {isa = PBXFileReference; fileEncoding = 4; lastKnownFileType = sourcecode.c.h; path = CardIOCreditCardInfo.h; sourceTree = "<group>"; };
		366FDD87178F4F440095C1A1 /* CardIOPaymentViewController.h */ = {isa = PBXFileReference; fileEncoding = 4; lastKnownFileType = sourcecode.c.h; path = CardIOPaymentViewController.h; sourceTree = "<group>"; };
		366FDD88178F4F440095C1A1 /* CardIOPaymentViewControllerDelegate.h */ = {isa = PBXFileReference; fileEncoding = 4; lastKnownFileType = sourcecode.c.h; path = CardIOPaymentViewControllerDelegate.h; sourceTree = "<group>"; };
		366FDD89178F4F440095C1A1 /* libCardIO.a */ = {isa = PBXFileReference; lastKnownFileType = archive.ar; path = libCardIO.a; sourceTree = "<group>"; };
		366FDD8B178F4FA40095C1A1 /* AVFoundation.framework */ = {isa = PBXFileReference; lastKnownFileType = wrapper.framework; name = AVFoundation.framework; path = System/Library/Frameworks/AVFoundation.framework; sourceTree = SDKROOT; };
		366FDD8D178F4FAF0095C1A1 /* CoreMedia.framework */ = {isa = PBXFileReference; lastKnownFileType = wrapper.framework; name = CoreMedia.framework; path = System/Library/Frameworks/CoreMedia.framework; sourceTree = SDKROOT; };
		366FDD8F178F4FB80095C1A1 /* MobileCoreServices.framework */ = {isa = PBXFileReference; lastKnownFileType = wrapper.framework; name = MobileCoreServices.framework; path = System/Library/Frameworks/MobileCoreServices.framework; sourceTree = SDKROOT; };
		366FDD91178F4FC20095C1A1 /* CoreVideo.framework */ = {isa = PBXFileReference; lastKnownFileType = wrapper.framework; name = CoreVideo.framework; path = System/Library/Frameworks/CoreVideo.framework; sourceTree = SDKROOT; };
		366FDD93178F4FCB0095C1A1 /* OpenGLES.framework */ = {isa = PBXFileReference; lastKnownFileType = wrapper.framework; name = OpenGLES.framework; path = System/Library/Frameworks/OpenGLES.framework; sourceTree = SDKROOT; };
		366FDD95178F4FD50095C1A1 /* Security.framework */ = {isa = PBXFileReference; lastKnownFileType = wrapper.framework; name = Security.framework; path = System/Library/Frameworks/Security.framework; sourceTree = SDKROOT; };
		36791C1A178792BC002681B7 /* ProcessAlgoMain.h */ = {isa = PBXFileReference; fileEncoding = 4; lastKnownFileType = sourcecode.c.h; path = ProcessAlgoMain.h; sourceTree = "<group>"; };
		36791C1B178792BC002681B7 /* ProcessAlgoMain.m */ = {isa = PBXFileReference; fileEncoding = 4; lastKnownFileType = sourcecode.c.objc; path = ProcessAlgoMain.m; sourceTree = "<group>"; };
		36791C1D17879361002681B7 /* ProcessingFunctions.h */ = {isa = PBXFileReference; fileEncoding = 4; lastKnownFileType = sourcecode.c.h; path = ProcessingFunctions.h; sourceTree = "<group>"; };
		36791C1E17879361002681B7 /* ProcessingFunctions.m */ = {isa = PBXFileReference; fileEncoding = 4; lastKnownFileType = sourcecode.c.objc; path = ProcessingFunctions.m; sourceTree = "<group>"; };
		36791C1F17879361002681B7 /* Clump.h */ = {isa = PBXFileReference; fileEncoding = 4; lastKnownFileType = sourcecode.c.h; path = Clump.h; sourceTree = "<group>"; };
		36791C2017879361002681B7 /* Clump.m */ = {isa = PBXFileReference; fileEncoding = 4; lastKnownFileType = sourcecode.c.objc; path = Clump.m; sourceTree = "<group>"; };
		3692BE9F165740B2002A8605 /* audio_helper.h */ = {isa = PBXFileReference; fileEncoding = 4; lastKnownFileType = sourcecode.c.h; path = audio_helper.h; sourceTree = "<group>"; };
		3692BEA71657414F002A8605 /* audio_helper.cpp */ = {isa = PBXFileReference; fileEncoding = 4; lastKnownFileType = sourcecode.cpp.cpp; path = audio_helper.cpp; sourceTree = "<group>"; };
		3692BEAA165741E9002A8605 /* CADebugMacros.h */ = {isa = PBXFileReference; fileEncoding = 4; lastKnownFileType = sourcecode.c.h; path = CADebugMacros.h; sourceTree = "<group>"; };
		3692BEAB165741E9002A8605 /* CADebugMacros.cpp */ = {isa = PBXFileReference; fileEncoding = 4; lastKnownFileType = sourcecode.cpp.cpp; path = CADebugMacros.cpp; sourceTree = "<group>"; };
		3692BEAC165741E9002A8605 /* CAXException.h */ = {isa = PBXFileReference; fileEncoding = 4; lastKnownFileType = sourcecode.c.h; path = CAXException.h; sourceTree = "<group>"; };
		3692BEAD165741E9002A8605 /* CAXException.cpp */ = {isa = PBXFileReference; fileEncoding = 4; lastKnownFileType = sourcecode.cpp.cpp; path = CAXException.cpp; sourceTree = "<group>"; };
		3692BEAE165741E9002A8605 /* CAMath.h */ = {isa = PBXFileReference; fileEncoding = 4; lastKnownFileType = sourcecode.c.h; path = CAMath.h; sourceTree = "<group>"; };
		3692BEAF165741E9002A8605 /* CAStreamBasicDescription.h */ = {isa = PBXFileReference; fileEncoding = 4; lastKnownFileType = sourcecode.c.h; path = CAStreamBasicDescription.h; sourceTree = "<group>"; };
		3692BEB0165741E9002A8605 /* CAStreamBasicDescription.cpp */ = {isa = PBXFileReference; fileEncoding = 4; lastKnownFileType = sourcecode.cpp.cpp; path = CAStreamBasicDescription.cpp; sourceTree = "<group>"; };
		36B750CD161693A700A6ED3B /* Ultrasound.app */ = {isa = PBXFileReference; explicitFileType = wrapper.application; includeInIndex = 0; path = Ultrasound.app; sourceTree = BUILT_PRODUCTS_DIR; };
		36B750D1161693A700A6ED3B /* UIKit.framework */ = {isa = PBXFileReference; lastKnownFileType = wrapper.framework; name = UIKit.framework; path = System/Library/Frameworks/UIKit.framework; sourceTree = SDKROOT; };
		36B750D3161693A700A6ED3B /* Foundation.framework */ = {isa = PBXFileReference; lastKnownFileType = wrapper.framework; name = Foundation.framework; path = System/Library/Frameworks/Foundation.framework; sourceTree = SDKROOT; };
		36B750D5161693A700A6ED3B /* CoreGraphics.framework */ = {isa = PBXFileReference; lastKnownFileType = wrapper.framework; name = CoreGraphics.framework; path = System/Library/Frameworks/CoreGraphics.framework; sourceTree = SDKROOT; };
		36B750D9161693A700A6ED3B /* Ultrasound-Info.plist */ = {isa = PBXFileReference; lastKnownFileType = text.plist.xml; path = "Ultrasound-Info.plist"; sourceTree = "<group>"; };
		36B750DB161693A700A6ED3B /* en */ = {isa = PBXFileReference; lastKnownFileType = text.plist.strings; name = en; path = en.lproj/InfoPlist.strings; sourceTree = "<group>"; };
		36B750DD161693A700A6ED3B /* main.m */ = {isa = PBXFileReference; lastKnownFileType = sourcecode.c.objc; path = main.m; sourceTree = "<group>"; };
		36B750DF161693A700A6ED3B /* Ultrasound-Prefix.pch */ = {isa = PBXFileReference; lastKnownFileType = sourcecode.c.h; path = "Ultrasound-Prefix.pch"; sourceTree = "<group>"; };
		36B750E0161693A700A6ED3B /* AppDelegate.h */ = {isa = PBXFileReference; lastKnownFileType = sourcecode.c.h; path = AppDelegate.h; sourceTree = "<group>"; };
		36B750E1161693A800A6ED3B /* AppDelegate.m */ = {isa = PBXFileReference; lastKnownFileType = sourcecode.c.objc; path = AppDelegate.m; sourceTree = "<group>"; };
		36B750E3161693A800A6ED3B /* Default.png */ = {isa = PBXFileReference; lastKnownFileType = image.png; path = Default.png; sourceTree = "<group>"; };
		36B750E5161693A800A6ED3B /* Default@2x.png */ = {isa = PBXFileReference; lastKnownFileType = image.png; path = "Default@2x.png"; sourceTree = "<group>"; };
		36B750E7161693A800A6ED3B /* Default-568h@2x.png */ = {isa = PBXFileReference; lastKnownFileType = image.png; path = "Default-568h@2x.png"; sourceTree = "<group>"; };
		36B750EA161693A800A6ED3B /* en */ = {isa = PBXFileReference; lastKnownFileType = file.storyboard; name = en; path = en.lproj/MainStoryboard_iPhone.storyboard; sourceTree = "<group>"; };
		36B750ED161693A800A6ED3B /* en */ = {isa = PBXFileReference; lastKnownFileType = file.storyboard; name = en; path = en.lproj/MainStoryboard_iPad.storyboard; sourceTree = "<group>"; };
		36B750EF161693A800A6ED3B /* ViewController.h */ = {isa = PBXFileReference; lastKnownFileType = sourcecode.c.h; path = ViewController.h; sourceTree = "<group>"; };
		36B750F0161693A800A6ED3B /* ViewController.m */ = {isa = PBXFileReference; lastKnownFileType = sourcecode.c.objc; path = ViewController.m; sourceTree = "<group>"; };
		36B750F7161693A800A6ED3B /* UltrasoundTests.octest */ = {isa = PBXFileReference; explicitFileType = wrapper.cfbundle; includeInIndex = 0; path = UltrasoundTests.octest; sourceTree = BUILT_PRODUCTS_DIR; };
		36B750F8161693A800A6ED3B /* SenTestingKit.framework */ = {isa = PBXFileReference; lastKnownFileType = wrapper.framework; name = SenTestingKit.framework; path = Library/Frameworks/SenTestingKit.framework; sourceTree = DEVELOPER_DIR; };
		36B75100161693A800A6ED3B /* UltrasoundTests-Info.plist */ = {isa = PBXFileReference; lastKnownFileType = text.plist.xml; path = "UltrasoundTests-Info.plist"; sourceTree = "<group>"; };
		36B75102161693A800A6ED3B /* en */ = {isa = PBXFileReference; lastKnownFileType = text.plist.strings; name = en; path = en.lproj/InfoPlist.strings; sourceTree = "<group>"; };
		36B75104161693A800A6ED3B /* UltrasoundTests.h */ = {isa = PBXFileReference; lastKnownFileType = sourcecode.c.h; path = UltrasoundTests.h; sourceTree = "<group>"; };
		36B75105161693A800A6ED3B /* UltrasoundTests.m */ = {isa = PBXFileReference; lastKnownFileType = sourcecode.c.objc; path = UltrasoundTests.m; sourceTree = "<group>"; };
		36B7510F161693E900A6ED3B /* AudioManager.h */ = {isa = PBXFileReference; fileEncoding = 4; lastKnownFileType = sourcecode.c.h; path = AudioManager.h; sourceTree = "<group>"; };
		36B75110161693E900A6ED3B /* AudioManager.mm */ = {isa = PBXFileReference; fileEncoding = 4; lastKnownFileType = sourcecode.cpp.objcpp; path = AudioManager.mm; sourceTree = "<group>"; };
		36B751121616941300A6ED3B /* AudioToolbox.framework */ = {isa = PBXFileReference; lastKnownFileType = wrapper.framework; name = AudioToolbox.framework; path = System/Library/Frameworks/AudioToolbox.framework; sourceTree = SDKROOT; };
		36C3017B1634966F00D44AE8 /* AudioPlayer.h */ = {isa = PBXFileReference; fileEncoding = 4; lastKnownFileType = sourcecode.c.h; path = AudioPlayer.h; sourceTree = "<group>"; };
		36C3017C1634966F00D44AE8 /* AudioPlayer.m */ = {isa = PBXFileReference; fileEncoding = 4; lastKnownFileType = sourcecode.c.objc; path = AudioPlayer.m; sourceTree = "<group>"; };
		36CC7AEA1784A906004E0127 /* QuartzCore.framework */ = {isa = PBXFileReference; lastKnownFileType = wrapper.framework; name = QuartzCore.framework; path = System/Library/Frameworks/QuartzCore.framework; sourceTree = SDKROOT; };
		36CC7AEC1784E49D004E0127 /* Processor.h */ = {isa = PBXFileReference; fileEncoding = 4; lastKnownFileType = sourcecode.c.h; path = Processor.h; sourceTree = "<group>"; };
		36CC7AED1784E49D004E0127 /* Processor.m */ = {isa = PBXFileReference; fileEncoding = 4; lastKnownFileType = sourcecode.c.objc; path = Processor.m; sourceTree = "<group>"; };
		36F70B9317A33B090028228B /* TransmitViewController.h */ = {isa = PBXFileReference; fileEncoding = 4; lastKnownFileType = sourcecode.c.h; path = TransmitViewController.h; sourceTree = "<group>"; };
		36F70B9417A33B090028228B /* TransmitViewController.m */ = {isa = PBXFileReference; fileEncoding = 4; lastKnownFileType = sourcecode.c.objc; path = TransmitViewController.m; sourceTree = "<group>"; };
		36F70B9617A33B190028228B /* ReceiveViewController.h */ = {isa = PBXFileReference; fileEncoding = 4; lastKnownFileType = sourcecode.c.h; path = ReceiveViewController.h; sourceTree = "<group>"; };
		36F70B9717A33B190028228B /* ReceiveViewController.m */ = {isa = PBXFileReference; fileEncoding = 4; lastKnownFileType = sourcecode.c.objc; path = ReceiveViewController.m; sourceTree = "<group>"; };
		36F70B9A17A347FA0028228B /* Transforms.h */ = {isa = PBXFileReference; fileEncoding = 4; lastKnownFileType = sourcecode.c.h; path = Transforms.h; sourceTree = "<group>"; };
		36F70B9B17A347FA0028228B /* GraphView.h */ = {isa = PBXFileReference; fileEncoding = 4; lastKnownFileType = sourcecode.c.h; path = GraphView.h; sourceTree = "<group>"; };
		36F70B9C17A347FA0028228B /* GraphView.m */ = {isa = PBXFileReference; fileEncoding = 4; lastKnownFileType = sourcecode.c.objc; path = GraphView.m; sourceTree = "<group>"; };
		36F70B9D17A347FA0028228B /* GraphViewUtils.h */ = {isa = PBXFileReference; fileEncoding = 4; lastKnownFileType = sourcecode.c.h; path = GraphViewUtils.h; sourceTree = "<group>"; };
		36F70B9E17A347FA0028228B /* GraphViewUtils.m */ = {isa = PBXFileReference; fileEncoding = 4; lastKnownFileType = sourcecode.c.objc; path = GraphViewUtils.m; sourceTree = "<group>"; };
		36F70BA117A34E0F0028228B /* FFTGraphView.h */ = {isa = PBXFileReference; fileEncoding = 4; lastKnownFileType = sourcecode.c.h; path = FFTGraphView.h; sourceTree = "<group>"; };
		36F70BA217A34E0F0028228B /* FFTGraphView.m */ = {isa = PBXFileReference; fileEncoding = 4; lastKnownFileType = sourcecode.c.objc; path = FFTGraphView.m; sourceTree = "<group>"; };
/* End PBXFileReference section */

/* Begin PBXFrameworksBuildPhase section */
		36B750CA161693A700A6ED3B /* Frameworks */ = {
			isa = PBXFrameworksBuildPhase;
			buildActionMask = 2147483647;
			files = (
				366FDD96178F4FD50095C1A1 /* Security.framework in Frameworks */,
				366FDD94178F4FCB0095C1A1 /* OpenGLES.framework in Frameworks */,
				366FDD92178F4FC20095C1A1 /* CoreVideo.framework in Frameworks */,
				366FDD90178F4FB80095C1A1 /* MobileCoreServices.framework in Frameworks */,
				366FDD8E178F4FAF0095C1A1 /* CoreMedia.framework in Frameworks */,
				366FDD8C178F4FA40095C1A1 /* AVFoundation.framework in Frameworks */,
				36CC7AEB1784A906004E0127 /* QuartzCore.framework in Frameworks */,
				36B751131616941300A6ED3B /* AudioToolbox.framework in Frameworks */,
				36B750D2161693A700A6ED3B /* UIKit.framework in Frameworks */,
				36B750D4161693A700A6ED3B /* Foundation.framework in Frameworks */,
				36B750D6161693A700A6ED3B /* CoreGraphics.framework in Frameworks */,
				366FDD8A178F4F440095C1A1 /* libCardIO.a in Frameworks */,
			);
			runOnlyForDeploymentPostprocessing = 0;
		};
		36B750F3161693A800A6ED3B /* Frameworks */ = {
			isa = PBXFrameworksBuildPhase;
			buildActionMask = 2147483647;
			files = (
				36B750F9161693A800A6ED3B /* SenTestingKit.framework in Frameworks */,
				36B750FA161693A800A6ED3B /* UIKit.framework in Frameworks */,
				36B750FB161693A800A6ED3B /* Foundation.framework in Frameworks */,
			);
			runOnlyForDeploymentPostprocessing = 0;
		};
/* End PBXFrameworksBuildPhase section */

/* Begin PBXGroup section */
		361B1A05165AF16200BC19CB /* FFT */ = {
			isa = PBXGroup;
			children = (
				361B19F8165AF09A00BC19CB /* FFTBufferManager.h */,
				361B19F9165AF09A00BC19CB /* FFTBufferManager.cpp */,
				361B19FD165AF15100BC19CB /* rad2fft.h */,
				361B19FE165AF15100BC19CB /* rad2fft.c */,
				361B19FF165AF15100BC19CB /* SpectrumAnalysis.h */,
				361B1A00165AF15100BC19CB /* SpectrumAnalysis.cpp */,
			);
			name = FFT;
			path = Ultrasound;
			sourceTree = "<group>";
		};
		366FDD84178F4F440095C1A1 /* CardIO */ = {
			isa = PBXGroup;
			children = (
				366FDD85178F4F440095C1A1 /* CardIO.h */,
				366FDD86178F4F440095C1A1 /* CardIOCreditCardInfo.h */,
				366FDD87178F4F440095C1A1 /* CardIOPaymentViewController.h */,
				366FDD88178F4F440095C1A1 /* CardIOPaymentViewControllerDelegate.h */,
				366FDD89178F4F440095C1A1 /* libCardIO.a */,
			);
			name = CardIO;
			path = Ultrasound/CardIO;
			sourceTree = "<group>";
		};
		36791C19178792A3002681B7 /* ProcessAlgo */ = {
			isa = PBXGroup;
			children = (
			);
			name = ProcessAlgo;
			path = Ultrasound;
			sourceTree = "<group>";
		};
		3692BEB7165741F3002A8605 /* iPublicUtility */ = {
			isa = PBXGroup;
			children = (
				3692BEAA165741E9002A8605 /* CADebugMacros.h */,
				3692BEAB165741E9002A8605 /* CADebugMacros.cpp */,
				3692BEAC165741E9002A8605 /* CAXException.h */,
				3692BEAD165741E9002A8605 /* CAXException.cpp */,
				3692BEAE165741E9002A8605 /* CAMath.h */,
				3692BEAF165741E9002A8605 /* CAStreamBasicDescription.h */,
				3692BEB0165741E9002A8605 /* CAStreamBasicDescription.cpp */,
			);
			name = iPublicUtility;
			path = Ultrasound;
			sourceTree = "<group>";
		};
		36B750C2161693A700A6ED3B = {
			isa = PBXGroup;
			children = (
				36B750D7161693A700A6ED3B /* Ultrasound */,
				36B750FE161693A800A6ED3B /* UltrasoundTests */,
				36B750D0161693A700A6ED3B /* Frameworks */,
				36B750CE161693A700A6ED3B /* Products */,
			);
			sourceTree = "<group>";
		};
		36B750CE161693A700A6ED3B /* Products */ = {
			isa = PBXGroup;
			children = (
				36B750CD161693A700A6ED3B /* Ultrasound.app */,
				36B750F7161693A800A6ED3B /* UltrasoundTests.octest */,
			);
			name = Products;
			sourceTree = "<group>";
		};
		36B750D0161693A700A6ED3B /* Frameworks */ = {
			isa = PBXGroup;
			children = (
				366FDD84178F4F440095C1A1 /* CardIO */,
				3692BEB7165741F3002A8605 /* iPublicUtility */,
				36791C19178792A3002681B7 /* ProcessAlgo */,
				361B1A05165AF16200BC19CB /* FFT */,
				366FDD95178F4FD50095C1A1 /* Security.framework */,
				366FDD93178F4FCB0095C1A1 /* OpenGLES.framework */,
				366FDD91178F4FC20095C1A1 /* CoreVideo.framework */,
				366FDD8F178F4FB80095C1A1 /* MobileCoreServices.framework */,
				366FDD8D178F4FAF0095C1A1 /* CoreMedia.framework */,
				366FDD8B178F4FA40095C1A1 /* AVFoundation.framework */,
				36CC7AEA1784A906004E0127 /* QuartzCore.framework */,
				36B751121616941300A6ED3B /* AudioToolbox.framework */,
				36B750D1161693A700A6ED3B /* UIKit.framework */,
				36B750D3161693A700A6ED3B /* Foundation.framework */,
				36B750D5161693A700A6ED3B /* CoreGraphics.framework */,
				36B750F8161693A800A6ED3B /* SenTestingKit.framework */,
			);
			name = Frameworks;
			sourceTree = "<group>";
		};
		36B750D7161693A700A6ED3B /* Ultrasound */ = {
			isa = PBXGroup;
			children = (
				36F70B9917A347E60028228B /* Graphing */,
				36791C1D17879361002681B7 /* ProcessingFunctions.h */,
				36791C1E17879361002681B7 /* ProcessingFunctions.m */,
				36791C1F17879361002681B7 /* Clump.h */,
				36791C2017879361002681B7 /* Clump.m */,
				36791C1A178792BC002681B7 /* ProcessAlgoMain.h */,
				36791C1B178792BC002681B7 /* ProcessAlgoMain.m */,
				36B750E9161693A800A6ED3B /* MainStoryboard_iPhone.storyboard */,
				36B750EC161693A800A6ED3B /* MainStoryboard_iPad.storyboard */,
				36B750EF161693A800A6ED3B /* ViewController.h */,
				36B750F0161693A800A6ED3B /* ViewController.m */,
				36C3017B1634966F00D44AE8 /* AudioPlayer.h */,
				36C3017C1634966F00D44AE8 /* AudioPlayer.m */,
				36B7510F161693E900A6ED3B /* AudioManager.h */,
				36B75110161693E900A6ED3B /* AudioManager.mm */,
				3692BE9F165740B2002A8605 /* audio_helper.h */,
				3692BEA71657414F002A8605 /* audio_helper.cpp */,
				36CC7AEC1784E49D004E0127 /* Processor.h */,
				36CC7AED1784E49D004E0127 /* Processor.m */,
				362C2AC6178E1C5500748B41 /* ProcessingFunctionsC.h */,
				362C2AC7178E1C7900748B41 /* ProcessingFunctionsC.cpp */,
				36F70B9317A33B090028228B /* TransmitViewController.h */,
				36F70B9417A33B090028228B /* TransmitViewController.m */,
				36F70B9617A33B190028228B /* ReceiveViewController.h */,
				36F70B9717A33B190028228B /* ReceiveViewController.m */,
				36B750D8161693A700A6ED3B /* Supporting Files */,
				363F2C7417A71B47000A249A /* UIView+Donald.h */,
				363F2C7517A71B47000A249A /* UIView+Donald.m */,
			);
			path = Ultrasound;
			sourceTree = "<group>";
		};
		36B750D8161693A700A6ED3B /* Supporting Files */ = {
			isa = PBXGroup;
			children = (
				36B750E0161693A700A6ED3B /* AppDelegate.h */,
				36B750E1161693A800A6ED3B /* AppDelegate.m */,
				36B750D9161693A700A6ED3B /* Ultrasound-Info.plist */,
				36B750DA161693A700A6ED3B /* InfoPlist.strings */,
				36B750DD161693A700A6ED3B /* main.m */,
				36B750DF161693A700A6ED3B /* Ultrasound-Prefix.pch */,
				36B750E3161693A800A6ED3B /* Default.png */,
				36B750E5161693A800A6ED3B /* Default@2x.png */,
				36B750E7161693A800A6ED3B /* Default-568h@2x.png */,
			);
			name = "Supporting Files";
			sourceTree = "<group>";
		};
		36B750FE161693A800A6ED3B /* UltrasoundTests */ = {
			isa = PBXGroup;
			children = (
				36B75104161693A800A6ED3B /* UltrasoundTests.h */,
				36B75105161693A800A6ED3B /* UltrasoundTests.m */,
				36B750FF161693A800A6ED3B /* Supporting Files */,
			);
			path = UltrasoundTests;
			sourceTree = "<group>";
		};
		36B750FF161693A800A6ED3B /* Supporting Files */ = {
			isa = PBXGroup;
			children = (
				36B75100161693A800A6ED3B /* UltrasoundTests-Info.plist */,
				36B75101161693A800A6ED3B /* InfoPlist.strings */,
			);
			name = "Supporting Files";
			sourceTree = "<group>";
		};
		36F70B9917A347E60028228B /* Graphing */ = {
			isa = PBXGroup;
			children = (
				36F70B9A17A347FA0028228B /* Transforms.h */,
				36F70B9B17A347FA0028228B /* GraphView.h */,
				36F70B9C17A347FA0028228B /* GraphView.m */,
				36F70B9D17A347FA0028228B /* GraphViewUtils.h */,
				36F70B9E17A347FA0028228B /* GraphViewUtils.m */,
				36F70BA117A34E0F0028228B /* FFTGraphView.h */,
				36F70BA217A34E0F0028228B /* FFTGraphView.m */,
				363F2C7717A72811000A249A /* TransmitGraphView.h */,
				363F2C7817A72811000A249A /* TransmitGraphView.m */,
			);
			name = Graphing;
			sourceTree = "<group>";
		};
/* End PBXGroup section */

/* Begin PBXNativeTarget section */
		36B750CC161693A700A6ED3B /* Ultrasound */ = {
			isa = PBXNativeTarget;
			buildConfigurationList = 36B75109161693A800A6ED3B /* Build configuration list for PBXNativeTarget "Ultrasound" */;
			buildPhases = (
				36B750C9161693A700A6ED3B /* Sources */,
				36B750CA161693A700A6ED3B /* Frameworks */,
				36B750CB161693A700A6ED3B /* Resources */,
			);
			buildRules = (
			);
			dependencies = (
			);
			name = Ultrasound;
			productName = Ultrasound;
			productReference = 36B750CD161693A700A6ED3B /* Ultrasound.app */;
			productType = "com.apple.product-type.application";
		};
		36B750F6161693A800A6ED3B /* UltrasoundTests */ = {
			isa = PBXNativeTarget;
			buildConfigurationList = 36B7510C161693A800A6ED3B /* Build configuration list for PBXNativeTarget "UltrasoundTests" */;
			buildPhases = (
				36B750F2161693A800A6ED3B /* Sources */,
				36B750F3161693A800A6ED3B /* Frameworks */,
				36B750F4161693A800A6ED3B /* Resources */,
				36B750F5161693A800A6ED3B /* ShellScript */,
			);
			buildRules = (
			);
			dependencies = (
				36B750FD161693A800A6ED3B /* PBXTargetDependency */,
			);
			name = UltrasoundTests;
			productName = UltrasoundTests;
			productReference = 36B750F7161693A800A6ED3B /* UltrasoundTests.octest */;
			productType = "com.apple.product-type.bundle";
		};
/* End PBXNativeTarget section */

/* Begin PBXProject section */
		36B750C4161693A700A6ED3B /* Project object */ = {
			isa = PBXProject;
			attributes = {
				LastUpgradeCheck = 0500;
				ORGANIZATIONNAME = AppDev;
			};
			buildConfigurationList = 36B750C7161693A700A6ED3B /* Build configuration list for PBXProject "Ultrasound" */;
			compatibilityVersion = "Xcode 3.2";
			developmentRegion = English;
			hasScannedForEncodings = 0;
			knownRegions = (
				en,
			);
			mainGroup = 36B750C2161693A700A6ED3B;
			productRefGroup = 36B750CE161693A700A6ED3B /* Products */;
			projectDirPath = "";
			projectRoot = "";
			targets = (
				36B750CC161693A700A6ED3B /* Ultrasound */,
				36B750F6161693A800A6ED3B /* UltrasoundTests */,
			);
		};
/* End PBXProject section */

/* Begin PBXResourcesBuildPhase section */
		36B750CB161693A700A6ED3B /* Resources */ = {
			isa = PBXResourcesBuildPhase;
			buildActionMask = 2147483647;
			files = (
				36B750DC161693A700A6ED3B /* InfoPlist.strings in Resources */,
				36B750E4161693A800A6ED3B /* Default.png in Resources */,
				36B750E6161693A800A6ED3B /* Default@2x.png in Resources */,
				36B750E8161693A800A6ED3B /* Default-568h@2x.png in Resources */,
				36B750EB161693A800A6ED3B /* MainStoryboard_iPhone.storyboard in Resources */,
				36B750EE161693A800A6ED3B /* MainStoryboard_iPad.storyboard in Resources */,
			);
			runOnlyForDeploymentPostprocessing = 0;
		};
		36B750F4161693A800A6ED3B /* Resources */ = {
			isa = PBXResourcesBuildPhase;
			buildActionMask = 2147483647;
			files = (
				36B75103161693A800A6ED3B /* InfoPlist.strings in Resources */,
			);
			runOnlyForDeploymentPostprocessing = 0;
		};
/* End PBXResourcesBuildPhase section */

/* Begin PBXShellScriptBuildPhase section */
		36B750F5161693A800A6ED3B /* ShellScript */ = {
			isa = PBXShellScriptBuildPhase;
			buildActionMask = 2147483647;
			files = (
			);
			inputPaths = (
			);
			outputPaths = (
			);
			runOnlyForDeploymentPostprocessing = 0;
			shellPath = /bin/sh;
			shellScript = "# Run the unit tests in this test bundle.\n\"${SYSTEM_DEVELOPER_DIR}/Tools/RunUnitTests\"\n";
		};
/* End PBXShellScriptBuildPhase section */

/* Begin PBXSourcesBuildPhase section */
		36B750C9161693A700A6ED3B /* Sources */ = {
			isa = PBXSourcesBuildPhase;
			buildActionMask = 2147483647;
			files = (
				36F70B9517A33B090028228B /* TransmitViewController.m in Sources */,
				362C2AC8178E1C7900748B41 /* ProcessingFunctionsC.cpp in Sources */,
				36F70BA017A347FA0028228B /* GraphViewUtils.m in Sources */,
				36B750DE161693A700A6ED3B /* main.m in Sources */,
				36F70BA317A34E0F0028228B /* FFTGraphView.m in Sources */,
				36B750E2161693A800A6ED3B /* AppDelegate.m in Sources */,
				36B750F1161693A800A6ED3B /* ViewController.m in Sources */,
				36B75111161693E900A6ED3B /* AudioManager.mm in Sources */,
				36C3017D1634966F00D44AE8 /* AudioPlayer.m in Sources */,
				3692BEA81657414F002A8605 /* audio_helper.cpp in Sources */,
				3692BEB1165741E9002A8605 /* CADebugMacros.cpp in Sources */,
				3692BEB3165741E9002A8605 /* CAXException.cpp in Sources */,
				3692BEB5165741E9002A8605 /* CAStreamBasicDescription.cpp in Sources */,
				36F70B9F17A347FA0028228B /* GraphView.m in Sources */,
				36F70B9817A33B190028228B /* ReceiveViewController.m in Sources */,
				361B19FA165AF09A00BC19CB /* FFTBufferManager.cpp in Sources */,
				361B1A01165AF15100BC19CB /* rad2fft.c in Sources */,
				363F2C7617A71B48000A249A /* UIView+Donald.m in Sources */,
				361B1A03165AF15100BC19CB /* SpectrumAnalysis.cpp in Sources */,
				36CC7AEE1784E49E004E0127 /* Processor.m in Sources */,
				36791C1C178792BC002681B7 /* ProcessAlgoMain.m in Sources */,
				363F2C7917A72812000A249A /* TransmitGraphView.m in Sources */,
				36791C2317879361002681B7 /* Clump.m in Sources */,
				363EA613178E196200A27151 /* ProcessingFunctions.m in Sources */,
			);
			runOnlyForDeploymentPostprocessing = 0;
		};
		36B750F2161693A800A6ED3B /* Sources */ = {
			isa = PBXSourcesBuildPhase;
			buildActionMask = 2147483647;
			files = (
				36B75106161693A800A6ED3B /* UltrasoundTests.m in Sources */,
				3692BEA91657414F002A8605 /* audio_helper.cpp in Sources */,
				3692BEB2165741E9002A8605 /* CADebugMacros.cpp in Sources */,
				3692BEB4165741E9002A8605 /* CAXException.cpp in Sources */,
				3692BEB6165741E9002A8605 /* CAStreamBasicDescription.cpp in Sources */,
				361B19FB165AF09A00BC19CB /* FFTBufferManager.cpp in Sources */,
				361B1A02165AF15100BC19CB /* rad2fft.c in Sources */,
				361B1A04165AF15100BC19CB /* SpectrumAnalysis.cpp in Sources */,
				36791C2217879361002681B7 /* ProcessingFunctions.m in Sources */,
				36791C2417879361002681B7 /* Clump.m in Sources */,
			);
			runOnlyForDeploymentPostprocessing = 0;
		};
/* End PBXSourcesBuildPhase section */

/* Begin PBXTargetDependency section */
		36B750FD161693A800A6ED3B /* PBXTargetDependency */ = {
			isa = PBXTargetDependency;
			target = 36B750CC161693A700A6ED3B /* Ultrasound */;
			targetProxy = 36B750FC161693A800A6ED3B /* PBXContainerItemProxy */;
		};
/* End PBXTargetDependency section */

/* Begin PBXVariantGroup section */
		36B750DA161693A700A6ED3B /* InfoPlist.strings */ = {
			isa = PBXVariantGroup;
			children = (
				36B750DB161693A700A6ED3B /* en */,
			);
			name = InfoPlist.strings;
			sourceTree = "<group>";
		};
		36B750E9161693A800A6ED3B /* MainStoryboard_iPhone.storyboard */ = {
			isa = PBXVariantGroup;
			children = (
				36B750EA161693A800A6ED3B /* en */,
			);
			name = MainStoryboard_iPhone.storyboard;
			sourceTree = "<group>";
		};
		36B750EC161693A800A6ED3B /* MainStoryboard_iPad.storyboard */ = {
			isa = PBXVariantGroup;
			children = (
				36B750ED161693A800A6ED3B /* en */,
			);
			name = MainStoryboard_iPad.storyboard;
			sourceTree = "<group>";
		};
		36B75101161693A800A6ED3B /* InfoPlist.strings */ = {
			isa = PBXVariantGroup;
			children = (
				36B75102161693A800A6ED3B /* en */,
			);
			name = InfoPlist.strings;
			sourceTree = "<group>";
		};
/* End PBXVariantGroup section */

/* Begin XCBuildConfiguration section */
		36B75107161693A800A6ED3B /* Debug */ = {
			isa = XCBuildConfiguration;
			buildSettings = {
				ALWAYS_SEARCH_USER_PATHS = NO;
				CLANG_CXX_LANGUAGE_STANDARD = "gnu++0x";
				CLANG_CXX_LIBRARY = "libc++";
				CLANG_ENABLE_OBJC_ARC = YES;
				CLANG_WARN_EMPTY_BODY = YES;
				CLANG_WARN__DUPLICATE_METHOD_MATCH = YES;
				"CODE_SIGN_IDENTITY[sdk=iphoneos*]" = "iPhone Developer";
				COPY_PHASE_STRIP = NO;
				GCC_C_LANGUAGE_STANDARD = gnu99;
				GCC_DYNAMIC_NO_PIC = NO;
				GCC_OPTIMIZATION_LEVEL = 0;
				GCC_PREPROCESSOR_DEFINITIONS = (
					"DEBUG=1",
					"$(inherited)",
				);
				GCC_SYMBOLS_PRIVATE_EXTERN = NO;
				GCC_WARN_ABOUT_RETURN_TYPE = YES;
				GCC_WARN_UNINITIALIZED_AUTOS = YES;
				GCC_WARN_UNUSED_VARIABLE = YES;
				IPHONEOS_DEPLOYMENT_TARGET = 6.0;
				ONLY_ACTIVE_ARCH = YES;
				SDKROOT = iphoneos;
				TARGETED_DEVICE_FAMILY = "1,2";
			};
			name = Debug;
		};
		36B75108161693A800A6ED3B /* Release */ = {
			isa = XCBuildConfiguration;
			buildSettings = {
				ALWAYS_SEARCH_USER_PATHS = NO;
				CLANG_CXX_LANGUAGE_STANDARD = "gnu++0x";
				CLANG_CXX_LIBRARY = "libc++";
				CLANG_ENABLE_OBJC_ARC = YES;
				CLANG_WARN_EMPTY_BODY = YES;
				CLANG_WARN__DUPLICATE_METHOD_MATCH = YES;
				"CODE_SIGN_IDENTITY[sdk=iphoneos*]" = "iPhone Developer";
				COPY_PHASE_STRIP = YES;
				GCC_C_LANGUAGE_STANDARD = gnu99;
				GCC_WARN_ABOUT_RETURN_TYPE = YES;
				GCC_WARN_UNINITIALIZED_AUTOS = YES;
				GCC_WARN_UNUSED_VARIABLE = YES;
				IPHONEOS_DEPLOYMENT_TARGET = 6.0;
				OTHER_CFLAGS = "-DNS_BLOCK_ASSERTIONS=1";
				SDKROOT = iphoneos;
				TARGETED_DEVICE_FAMILY = "1,2";
				VALIDATE_PRODUCT = YES;
			};
			name = Release;
		};
		36B7510A161693A800A6ED3B /* Debug */ = {
			isa = XCBuildConfiguration;
			buildSettings = {
				CLANG_CXX_LIBRARY = "compiler-default";
				GCC_OPTIMIZATION_LEVEL = 0;
				GCC_PRECOMPILE_PREFIX_HEADER = YES;
				GCC_PREFIX_HEADER = "Ultrasound/Ultrasound-Prefix.pch";
				INFOPLIST_FILE = "Ultrasound/Ultrasound-Info.plist";
				IPHONEOS_DEPLOYMENT_TARGET = 6.1;
				LIBRARY_SEARCH_PATHS = (
					"$(inherited)",
					"\"$(SRCROOT)/Ultrasound/tesseract-ios-lib/lib\"",
					"\"$(SRCROOT)/Ultrasound/CardIO\"",
				);
				LLVM_VECTORIZE_LOOPS = YES;
				ONLY_ACTIVE_ARCH = YES;
				OTHER_LDFLAGS = "-lc++";
				PRODUCT_NAME = "$(TARGET_NAME)";
				SDKROOT = iphoneos;
				WRAPPER_EXTENSION = app;
			};
			name = Debug;
		};
		36B7510B161693A800A6ED3B /* Release */ = {
			isa = XCBuildConfiguration;
			buildSettings = {
				CLANG_CXX_LIBRARY = "compiler-default";
				GCC_OPTIMIZATION_LEVEL = fast;
				GCC_PRECOMPILE_PREFIX_HEADER = YES;
				GCC_PREFIX_HEADER = "Ultrasound/Ultrasound-Prefix.pch";
				INFOPLIST_FILE = "Ultrasound/Ultrasound-Info.plist";
				IPHONEOS_DEPLOYMENT_TARGET = 6.1;
				LIBRARY_SEARCH_PATHS = (
					"$(inherited)",
					"\"$(SRCROOT)/Ultrasound/tesseract-ios-lib/lib\"",
					"\"$(SRCROOT)/Ultrasound/CardIO\"",
				);
				LLVM_VECTORIZE_LOOPS = YES;
				ONLY_ACTIVE_ARCH = YES;
				OTHER_LDFLAGS = "-lc++";
				PRODUCT_NAME = "$(TARGET_NAME)";
				SDKROOT = iphoneos;
				WRAPPER_EXTENSION = app;
			};
			name = Release;
		};
		36B7510D161693A800A6ED3B /* Debug */ = {
			isa = XCBuildConfiguration;
			buildSettings = {
				BUNDLE_LOADER = "$(BUILT_PRODUCTS_DIR)/Ultrasound.app/Ultrasound";
				FRAMEWORK_SEARCH_PATHS = (
					"\"$(SDKROOT)/Developer/Library/Frameworks\"",
					"\"$(DEVELOPER_LIBRARY_DIR)/Frameworks\"",
				);
				GCC_PRECOMPILE_PREFIX_HEADER = YES;
				GCC_PREFIX_HEADER = "Ultrasound/Ultrasound-Prefix.pch";
				INFOPLIST_FILE = "UltrasoundTests/UltrasoundTests-Info.plist";
				PRODUCT_NAME = "$(TARGET_NAME)";
				TEST_HOST = "$(BUNDLE_LOADER)";
				WRAPPER_EXTENSION = octest;
			};
			name = Debug;
		};
		36B7510E161693A800A6ED3B /* Release */ = {
			isa = XCBuildConfiguration;
			buildSettings = {
				BUNDLE_LOADER = "$(BUILT_PRODUCTS_DIR)/Ultrasound.app/Ultrasound";
				FRAMEWORK_SEARCH_PATHS = (
					"\"$(SDKROOT)/Developer/Library/Frameworks\"",
					"\"$(DEVELOPER_LIBRARY_DIR)/Frameworks\"",
				);
				GCC_PRECOMPILE_PREFIX_HEADER = YES;
				GCC_PREFIX_HEADER = "Ultrasound/Ultrasound-Prefix.pch";
				INFOPLIST_FILE = "UltrasoundTests/UltrasoundTests-Info.plist";
				PRODUCT_NAME = "$(TARGET_NAME)";
				TEST_HOST = "$(BUNDLE_LOADER)";
				WRAPPER_EXTENSION = octest;
			};
			name = Release;
		};
/* End XCBuildConfiguration section */

/* Begin XCConfigurationList section */
		36B750C7161693A700A6ED3B /* Build configuration list for PBXProject "Ultrasound" */ = {
			isa = XCConfigurationList;
			buildConfigurations = (
				36B75107161693A800A6ED3B /* Debug */,
				36B75108161693A800A6ED3B /* Release */,
			);
			defaultConfigurationIsVisible = 0;
			defaultConfigurationName = Release;
		};
		36B75109161693A800A6ED3B /* Build configuration list for PBXNativeTarget "Ultrasound" */ = {
			isa = XCConfigurationList;
			buildConfigurations = (
				36B7510A161693A800A6ED3B /* Debug */,
				36B7510B161693A800A6ED3B /* Release */,
			);
			defaultConfigurationIsVisible = 0;
			defaultConfigurationName = Release;
		};
		36B7510C161693A800A6ED3B /* Build configuration list for PBXNativeTarget "UltrasoundTests" */ = {
			isa = XCConfigurationList;
			buildConfigurations = (
				36B7510D161693A800A6ED3B /* Debug */,
				36B7510E161693A800A6ED3B /* Release */,
			);
			defaultConfigurationIsVisible = 0;
			defaultConfigurationName = Release;
		};
/* End XCConfigurationList section */
	};
	rootObject = 36B750C4161693A700A6ED3B /* Project object */;
}
