// !$*UTF8*$!
{
	archiveVersion = 1;
	classes = {
	};
	objectVersion = 46;
	objects = {

/* Begin PBXBuildFile section */
		361B19FA165AF09A00BC19CB /* FFTBufferManager.cpp in Sources */ = {isa = PBXBuildFile; fileRef = 361B19F9165AF09A00BC19CB /* FFTBufferManager.cpp */; };
		361B19FB165AF09A00BC19CB /* FFTBufferManager.cpp in Sources */ = {isa = PBXBuildFile; fileRef = 361B19F9165AF09A00BC19CB /* FFTBufferManager.cpp */; };
		361B1A01165AF15100BC19CB /* rad2fft.c in Sources */ = {isa = PBXBuildFile; fileRef = 361B19FE165AF15100BC19CB /* rad2fft.c */; };
		361B1A02165AF15100BC19CB /* rad2fft.c in Sources */ = {isa = PBXBuildFile; fileRef = 361B19FE165AF15100BC19CB /* rad2fft.c */; };
		361B1A03165AF15100BC19CB /* SpectrumAnalysis.cpp in Sources */ = {isa = PBXBuildFile; fileRef = 361B1A00165AF15100BC19CB /* SpectrumAnalysis.cpp */; };
		361B1A04165AF15100BC19CB /* SpectrumAnalysis.cpp in Sources */ = {isa = PBXBuildFile; fileRef = 361B1A00165AF15100BC19CB /* SpectrumAnalysis.cpp */; };
		362C2AC8178E1C7900748B41 /* ProcessingFunctionsC.cpp in Sources */ = {isa = PBXBuildFile; fileRef = 362C2AC7178E1C7900748B41 /* ProcessingFunctionsC.cpp */; };
		362C2B61178E381000748B41 /* .gitignore in Resources */ = {isa = PBXBuildFile; fileRef = 362C2ACA178E380F00748B41 /* .gitignore */; };
		362C2B62178E381000748B41 /* liblept.a in Frameworks */ = {isa = PBXBuildFile; fileRef = 362C2B5E178E381000748B41 /* liblept.a */; };
		362C2B63178E381000748B41 /* libtesseract_all.a in Frameworks */ = {isa = PBXBuildFile; fileRef = 362C2B5F178E381000748B41 /* libtesseract_all.a */; };
		362C2B64178E381000748B41 /* README.md in Resources */ = {isa = PBXBuildFile; fileRef = 362C2B60178E381000748B41 /* README.md */; };
		362C2B6B178E384C00748B41 /* Tesseract.mm in Sources */ = {isa = PBXBuildFile; fileRef = 362C2B68178E384C00748B41 /* Tesseract.mm */; };
		362C2B6C178E384C00748B41 /* LICENSE in Resources */ = {isa = PBXBuildFile; fileRef = 362C2B69178E384C00748B41 /* LICENSE */; };
		362C2B6D178E384C00748B41 /* README.md in Resources */ = {isa = PBXBuildFile; fileRef = 362C2B6A178E384C00748B41 /* README.md */; };
		363EA613178E196200A27151 /* ProcessingFunctions.m in Sources */ = {isa = PBXBuildFile; fileRef = 36791C1E17879361002681B7 /* ProcessingFunctions.m */; };
		366FDD80178F35370095C1A1 /* phototest.gif in Resources */ = {isa = PBXBuildFile; fileRef = 366FDD7F178F35370095C1A1 /* phototest.gif */; };
		366FDD83178F36F00095C1A1 /* tessdata in Resources */ = {isa = PBXBuildFile; fileRef = 366FDD82178F36F00095C1A1 /* tessdata */; };
		366FDD8A178F4F440095C1A1 /* libCardIO.a in Frameworks */ = {isa = PBXBuildFile; fileRef = 366FDD89178F4F440095C1A1 /* libCardIO.a */; };
		366FDD8C178F4FA40095C1A1 /* AVFoundation.framework in Frameworks */ = {isa = PBXBuildFile; fileRef = 366FDD8B178F4FA40095C1A1 /* AVFoundation.framework */; };
		366FDD8E178F4FAF0095C1A1 /* CoreMedia.framework in Frameworks */ = {isa = PBXBuildFile; fileRef = 366FDD8D178F4FAF0095C1A1 /* CoreMedia.framework */; };
		366FDD90178F4FB80095C1A1 /* MobileCoreServices.framework in Frameworks */ = {isa = PBXBuildFile; fileRef = 366FDD8F178F4FB80095C1A1 /* MobileCoreServices.framework */; };
		366FDD92178F4FC20095C1A1 /* CoreVideo.framework in Frameworks */ = {isa = PBXBuildFile; fileRef = 366FDD91178F4FC20095C1A1 /* CoreVideo.framework */; };
		366FDD94178F4FCB0095C1A1 /* OpenGLES.framework in Frameworks */ = {isa = PBXBuildFile; fileRef = 366FDD93178F4FCB0095C1A1 /* OpenGLES.framework */; };
		366FDD96178F4FD50095C1A1 /* Security.framework in Frameworks */ = {isa = PBXBuildFile; fileRef = 366FDD95178F4FD50095C1A1 /* Security.framework */; };
		36791C1C178792BC002681B7 /* ProcessAlgoMain.m in Sources */ = {isa = PBXBuildFile; fileRef = 36791C1B178792BC002681B7 /* ProcessAlgoMain.m */; };
		36791C2217879361002681B7 /* ProcessingFunctions.m in Sources */ = {isa = PBXBuildFile; fileRef = 36791C1E17879361002681B7 /* ProcessingFunctions.m */; };
		36791C2317879361002681B7 /* Clump.m in Sources */ = {isa = PBXBuildFile; fileRef = 36791C2017879361002681B7 /* Clump.m */; };
		36791C2417879361002681B7 /* Clump.m in Sources */ = {isa = PBXBuildFile; fileRef = 36791C2017879361002681B7 /* Clump.m */; };
		3692BEA81657414F002A8605 /* audio_helper.cpp in Sources */ = {isa = PBXBuildFile; fileRef = 3692BEA71657414F002A8605 /* audio_helper.cpp */; };
		3692BEA91657414F002A8605 /* audio_helper.cpp in Sources */ = {isa = PBXBuildFile; fileRef = 3692BEA71657414F002A8605 /* audio_helper.cpp */; };
		3692BEB1165741E9002A8605 /* CADebugMacros.cpp in Sources */ = {isa = PBXBuildFile; fileRef = 3692BEAB165741E9002A8605 /* CADebugMacros.cpp */; };
		3692BEB2165741E9002A8605 /* CADebugMacros.cpp in Sources */ = {isa = PBXBuildFile; fileRef = 3692BEAB165741E9002A8605 /* CADebugMacros.cpp */; };
		3692BEB3165741E9002A8605 /* CAXException.cpp in Sources */ = {isa = PBXBuildFile; fileRef = 3692BEAD165741E9002A8605 /* CAXException.cpp */; };
		3692BEB4165741E9002A8605 /* CAXException.cpp in Sources */ = {isa = PBXBuildFile; fileRef = 3692BEAD165741E9002A8605 /* CAXException.cpp */; };
		3692BEB5165741E9002A8605 /* CAStreamBasicDescription.cpp in Sources */ = {isa = PBXBuildFile; fileRef = 3692BEB0165741E9002A8605 /* CAStreamBasicDescription.cpp */; };
		3692BEB6165741E9002A8605 /* CAStreamBasicDescription.cpp in Sources */ = {isa = PBXBuildFile; fileRef = 3692BEB0165741E9002A8605 /* CAStreamBasicDescription.cpp */; };
		36B750D2161693A700A6ED3B /* UIKit.framework in Frameworks */ = {isa = PBXBuildFile; fileRef = 36B750D1161693A700A6ED3B /* UIKit.framework */; };
		36B750D4161693A700A6ED3B /* Foundation.framework in Frameworks */ = {isa = PBXBuildFile; fileRef = 36B750D3161693A700A6ED3B /* Foundation.framework */; };
		36B750D6161693A700A6ED3B /* CoreGraphics.framework in Frameworks */ = {isa = PBXBuildFile; fileRef = 36B750D5161693A700A6ED3B /* CoreGraphics.framework */; };
		36B750DC161693A700A6ED3B /* InfoPlist.strings in Resources */ = {isa = PBXBuildFile; fileRef = 36B750DA161693A700A6ED3B /* InfoPlist.strings */; };
		36B750DE161693A700A6ED3B /* main.m in Sources */ = {isa = PBXBuildFile; fileRef = 36B750DD161693A700A6ED3B /* main.m */; };
		36B750E2161693A800A6ED3B /* AppDelegate.m in Sources */ = {isa = PBXBuildFile; fileRef = 36B750E1161693A800A6ED3B /* AppDelegate.m */; };
		36B750E4161693A800A6ED3B /* Default.png in Resources */ = {isa = PBXBuildFile; fileRef = 36B750E3161693A800A6ED3B /* Default.png */; };
		36B750E6161693A800A6ED3B /* Default@2x.png in Resources */ = {isa = PBXBuildFile; fileRef = 36B750E5161693A800A6ED3B /* Default@2x.png */; };
		36B750E8161693A800A6ED3B /* Default-568h@2x.png in Resources */ = {isa = PBXBuildFile; fileRef = 36B750E7161693A800A6ED3B /* Default-568h@2x.png */; };
		36B750EB161693A800A6ED3B /* MainStoryboard_iPhone.storyboard in Resources */ = {isa = PBXBuildFile; fileRef = 36B750E9161693A800A6ED3B /* MainStoryboard_iPhone.storyboard */; };
		36B750EE161693A800A6ED3B /* MainStoryboard_iPad.storyboard in Resources */ = {isa = PBXBuildFile; fileRef = 36B750EC161693A800A6ED3B /* MainStoryboard_iPad.storyboard */; };
		36B750F1161693A800A6ED3B /* ViewController.m in Sources */ = {isa = PBXBuildFile; fileRef = 36B750F0161693A800A6ED3B /* ViewController.m */; };
		36B750F9161693A800A6ED3B /* SenTestingKit.framework in Frameworks */ = {isa = PBXBuildFile; fileRef = 36B750F8161693A800A6ED3B /* SenTestingKit.framework */; };
		36B750FA161693A800A6ED3B /* UIKit.framework in Frameworks */ = {isa = PBXBuildFile; fileRef = 36B750D1161693A700A6ED3B /* UIKit.framework */; };
		36B750FB161693A800A6ED3B /* Foundation.framework in Frameworks */ = {isa = PBXBuildFile; fileRef = 36B750D3161693A700A6ED3B /* Foundation.framework */; };
		36B75103161693A800A6ED3B /* InfoPlist.strings in Resources */ = {isa = PBXBuildFile; fileRef = 36B75101161693A800A6ED3B /* InfoPlist.strings */; };
		36B75106161693A800A6ED3B /* UltrasoundTests.m in Sources */ = {isa = PBXBuildFile; fileRef = 36B75105161693A800A6ED3B /* UltrasoundTests.m */; };
		36B75111161693E900A6ED3B /* AudioManager.mm in Sources */ = {isa = PBXBuildFile; fileRef = 36B75110161693E900A6ED3B /* AudioManager.mm */; };
		36B751131616941300A6ED3B /* AudioToolbox.framework in Frameworks */ = {isa = PBXBuildFile; fileRef = 36B751121616941300A6ED3B /* AudioToolbox.framework */; };
		36C3017D1634966F00D44AE8 /* AudioPlayer.m in Sources */ = {isa = PBXBuildFile; fileRef = 36C3017C1634966F00D44AE8 /* AudioPlayer.m */; };
		36CC7AEB1784A906004E0127 /* QuartzCore.framework in Frameworks */ = {isa = PBXBuildFile; fileRef = 36CC7AEA1784A906004E0127 /* QuartzCore.framework */; };
		36CC7AEE1784E49E004E0127 /* Processor.m in Sources */ = {isa = PBXBuildFile; fileRef = 36CC7AED1784E49D004E0127 /* Processor.m */; };
/* End PBXBuildFile section */

/* Begin PBXContainerItemProxy section */
		36B750FC161693A800A6ED3B /* PBXContainerItemProxy */ = {
			isa = PBXContainerItemProxy;
			containerPortal = 36B750C4161693A700A6ED3B /* Project object */;
			proxyType = 1;
			remoteGlobalIDString = 36B750CC161693A700A6ED3B;
			remoteInfo = Ultrasound;
		};
/* End PBXContainerItemProxy section */

/* Begin PBXFileReference section */
		361B19F8165AF09A00BC19CB /* FFTBufferManager.h */ = {isa = PBXFileReference; fileEncoding = 4; lastKnownFileType = sourcecode.c.h; path = FFTBufferManager.h; sourceTree = "<group>"; };
		361B19F9165AF09A00BC19CB /* FFTBufferManager.cpp */ = {isa = PBXFileReference; fileEncoding = 4; lastKnownFileType = sourcecode.cpp.cpp; path = FFTBufferManager.cpp; sourceTree = "<group>"; };
		361B19FD165AF15100BC19CB /* rad2fft.h */ = {isa = PBXFileReference; fileEncoding = 4; lastKnownFileType = sourcecode.c.h; path = rad2fft.h; sourceTree = "<group>"; };
		361B19FE165AF15100BC19CB /* rad2fft.c */ = {isa = PBXFileReference; fileEncoding = 4; lastKnownFileType = sourcecode.c.c; path = rad2fft.c; sourceTree = "<group>"; };
		361B19FF165AF15100BC19CB /* SpectrumAnalysis.h */ = {isa = PBXFileReference; fileEncoding = 4; lastKnownFileType = sourcecode.c.h; path = SpectrumAnalysis.h; sourceTree = "<group>"; };
		361B1A00165AF15100BC19CB /* SpectrumAnalysis.cpp */ = {isa = PBXFileReference; fileEncoding = 4; lastKnownFileType = sourcecode.cpp.cpp; path = SpectrumAnalysis.cpp; sourceTree = "<group>"; };
		362C2AC6178E1C5500748B41 /* ProcessingFunctionsC.h */ = {isa = PBXFileReference; lastKnownFileType = sourcecode.c.h; path = ProcessingFunctionsC.h; sourceTree = "<group>"; };
		362C2AC7178E1C7900748B41 /* ProcessingFunctionsC.cpp */ = {isa = PBXFileReference; fileEncoding = 4; lastKnownFileType = sourcecode.cpp.cpp; path = ProcessingFunctionsC.cpp; sourceTree = "<group>"; };
		362C2ACA178E380F00748B41 /* .gitignore */ = {isa = PBXFileReference; fileEncoding = 4; lastKnownFileType = text; path = .gitignore; sourceTree = "<group>"; };
		362C2ACD178E380F00748B41 /* allheaders.h */ = {isa = PBXFileReference; fileEncoding = 4; lastKnownFileType = sourcecode.c.h; path = allheaders.h; sourceTree = "<group>"; };
		362C2ACE178E380F00748B41 /* alltypes.h */ = {isa = PBXFileReference; fileEncoding = 4; lastKnownFileType = sourcecode.c.h; path = alltypes.h; sourceTree = "<group>"; };
		362C2ACF178E380F00748B41 /* array.h */ = {isa = PBXFileReference; fileEncoding = 4; lastKnownFileType = sourcecode.c.h; path = array.h; sourceTree = "<group>"; };
		362C2AD0178E380F00748B41 /* arrayaccess.h */ = {isa = PBXFileReference; fileEncoding = 4; lastKnownFileType = sourcecode.c.h; path = arrayaccess.h; sourceTree = "<group>"; };
		362C2AD1178E380F00748B41 /* bbuffer.h */ = {isa = PBXFileReference; fileEncoding = 4; lastKnownFileType = sourcecode.c.h; path = bbuffer.h; sourceTree = "<group>"; };
		362C2AD2178E380F00748B41 /* bmf.h */ = {isa = PBXFileReference; fileEncoding = 4; lastKnownFileType = sourcecode.c.h; path = bmf.h; sourceTree = "<group>"; };
		362C2AD3178E380F00748B41 /* bmp.h */ = {isa = PBXFileReference; fileEncoding = 4; lastKnownFileType = sourcecode.c.h; path = bmp.h; sourceTree = "<group>"; };
		362C2AD4178E380F00748B41 /* ccbord.h */ = {isa = PBXFileReference; fileEncoding = 4; lastKnownFileType = sourcecode.c.h; path = ccbord.h; sourceTree = "<group>"; };
		362C2AD5178E380F00748B41 /* dewarp.h */ = {isa = PBXFileReference; fileEncoding = 4; lastKnownFileType = sourcecode.c.h; path = dewarp.h; sourceTree = "<group>"; };
		362C2AD6178E380F00748B41 /* endianness.h */ = {isa = PBXFileReference; fileEncoding = 4; lastKnownFileType = sourcecode.c.h; path = endianness.h; sourceTree = "<group>"; };
		362C2AD7178E380F00748B41 /* environ.h */ = {isa = PBXFileReference; fileEncoding = 4; lastKnownFileType = sourcecode.c.h; path = environ.h; sourceTree = "<group>"; };
		362C2AD8178E380F00748B41 /* freetype.h */ = {isa = PBXFileReference; fileEncoding = 4; lastKnownFileType = sourcecode.c.h; path = freetype.h; sourceTree = "<group>"; };
		362C2AD9178E380F00748B41 /* gplot.h */ = {isa = PBXFileReference; fileEncoding = 4; lastKnownFileType = sourcecode.c.h; path = gplot.h; sourceTree = "<group>"; };
		362C2ADA178E380F00748B41 /* heap.h */ = {isa = PBXFileReference; fileEncoding = 4; lastKnownFileType = sourcecode.c.h; path = heap.h; sourceTree = "<group>"; };
		362C2ADB178E380F00748B41 /* imageio.h */ = {isa = PBXFileReference; fileEncoding = 4; lastKnownFileType = sourcecode.c.h; path = imageio.h; sourceTree = "<group>"; };
		362C2ADC178E380F00748B41 /* jbclass.h */ = {isa = PBXFileReference; fileEncoding = 4; lastKnownFileType = sourcecode.c.h; path = jbclass.h; sourceTree = "<group>"; };
		362C2ADD178E380F00748B41 /* leptwin.h */ = {isa = PBXFileReference; fileEncoding = 4; lastKnownFileType = sourcecode.c.h; path = leptwin.h; sourceTree = "<group>"; };
		362C2ADE178E380F00748B41 /* list.h */ = {isa = PBXFileReference; fileEncoding = 4; lastKnownFileType = sourcecode.c.h; path = list.h; sourceTree = "<group>"; };
		362C2ADF178E380F00748B41 /* morph.h */ = {isa = PBXFileReference; fileEncoding = 4; lastKnownFileType = sourcecode.c.h; path = morph.h; sourceTree = "<group>"; };
		362C2AE0178E380F00748B41 /* pix.h */ = {isa = PBXFileReference; fileEncoding = 4; lastKnownFileType = sourcecode.c.h; path = pix.h; sourceTree = "<group>"; };
		362C2AE1178E380F00748B41 /* ptra.h */ = {isa = PBXFileReference; fileEncoding = 4; lastKnownFileType = sourcecode.c.h; path = ptra.h; sourceTree = "<group>"; };
		362C2AE2178E380F00748B41 /* queue.h */ = {isa = PBXFileReference; fileEncoding = 4; lastKnownFileType = sourcecode.c.h; path = queue.h; sourceTree = "<group>"; };
		362C2AE3178E380F00748B41 /* readbarcode.h */ = {isa = PBXFileReference; fileEncoding = 4; lastKnownFileType = sourcecode.c.h; path = readbarcode.h; sourceTree = "<group>"; };
		362C2AE4178E380F00748B41 /* regutils.h */ = {isa = PBXFileReference; fileEncoding = 4; lastKnownFileType = sourcecode.c.h; path = regutils.h; sourceTree = "<group>"; };
		362C2AE5178E380F00748B41 /* stack.h */ = {isa = PBXFileReference; fileEncoding = 4; lastKnownFileType = sourcecode.c.h; path = stack.h; sourceTree = "<group>"; };
		362C2AE6178E380F00748B41 /* sudoku.h */ = {isa = PBXFileReference; fileEncoding = 4; lastKnownFileType = sourcecode.c.h; path = sudoku.h; sourceTree = "<group>"; };
		362C2AE7178E380F00748B41 /* watershed.h */ = {isa = PBXFileReference; fileEncoding = 4; lastKnownFileType = sourcecode.c.h; path = watershed.h; sourceTree = "<group>"; };
		362C2AE9178E380F00748B41 /* ambigs.h */ = {isa = PBXFileReference; fileEncoding = 4; lastKnownFileType = sourcecode.c.h; path = ambigs.h; sourceTree = "<group>"; };
		362C2AEA178E380F00748B41 /* apitypes.h */ = {isa = PBXFileReference; fileEncoding = 4; lastKnownFileType = sourcecode.c.h; path = apitypes.h; sourceTree = "<group>"; };
		362C2AEB178E380F00748B41 /* baseapi.h */ = {isa = PBXFileReference; fileEncoding = 4; lastKnownFileType = sourcecode.c.h; path = baseapi.h; sourceTree = "<group>"; };
		362C2AEC178E380F00748B41 /* basedir.h */ = {isa = PBXFileReference; fileEncoding = 4; lastKnownFileType = sourcecode.c.h; path = basedir.h; sourceTree = "<group>"; };
		362C2AED178E380F00748B41 /* bits16.h */ = {isa = PBXFileReference; fileEncoding = 4; lastKnownFileType = sourcecode.c.h; path = bits16.h; sourceTree = "<group>"; };
		362C2AEE178E380F00748B41 /* bitvector.h */ = {isa = PBXFileReference; fileEncoding = 4; lastKnownFileType = sourcecode.c.h; path = bitvector.h; sourceTree = "<group>"; };
		362C2AEF178E380F00748B41 /* blckerr.h */ = {isa = PBXFileReference; fileEncoding = 4; lastKnownFileType = sourcecode.c.h; path = blckerr.h; sourceTree = "<group>"; };
		362C2AF0178E380F00748B41 /* blobbox.h */ = {isa = PBXFileReference; fileEncoding = 4; lastKnownFileType = sourcecode.c.h; path = blobbox.h; sourceTree = "<group>"; };
		362C2AF1178E380F00748B41 /* blobs.h */ = {isa = PBXFileReference; fileEncoding = 4; lastKnownFileType = sourcecode.c.h; path = blobs.h; sourceTree = "<group>"; };
		362C2AF2178E380F00748B41 /* blread.h */ = {isa = PBXFileReference; fileEncoding = 4; lastKnownFileType = sourcecode.c.h; path = blread.h; sourceTree = "<group>"; };
		362C2AF3178E380F00748B41 /* boxread.h */ = {isa = PBXFileReference; fileEncoding = 4; lastKnownFileType = sourcecode.c.h; path = boxread.h; sourceTree = "<group>"; };
		362C2AF4178E380F00748B41 /* boxword.h */ = {isa = PBXFileReference; fileEncoding = 4; lastKnownFileType = sourcecode.c.h; path = boxword.h; sourceTree = "<group>"; };
		362C2AF5178E380F00748B41 /* capi.h */ = {isa = PBXFileReference; fileEncoding = 4; lastKnownFileType = sourcecode.c.h; path = capi.h; sourceTree = "<group>"; };
		362C2AF6178E380F00748B41 /* ccstruct.h */ = {isa = PBXFileReference; fileEncoding = 4; lastKnownFileType = sourcecode.c.h; path = ccstruct.h; sourceTree = "<group>"; };
		362C2AF7178E380F00748B41 /* ccutil.h */ = {isa = PBXFileReference; fileEncoding = 4; lastKnownFileType = sourcecode.c.h; path = ccutil.h; sourceTree = "<group>"; };
		362C2AF8178E380F00748B41 /* clst.h */ = {isa = PBXFileReference; fileEncoding = 4; lastKnownFileType = sourcecode.c.h; path = clst.h; sourceTree = "<group>"; };
		362C2AF9178E380F00748B41 /* control.h */ = {isa = PBXFileReference; fileEncoding = 4; lastKnownFileType = sourcecode.c.h; path = control.h; sourceTree = "<group>"; };
		362C2AFA178E380F00748B41 /* coutln.h */ = {isa = PBXFileReference; fileEncoding = 4; lastKnownFileType = sourcecode.c.h; path = coutln.h; sourceTree = "<group>"; };
		362C2AFB178E380F00748B41 /* crakedge.h */ = {isa = PBXFileReference; fileEncoding = 4; lastKnownFileType = sourcecode.c.h; path = crakedge.h; sourceTree = "<group>"; };
		362C2AFC178E380F00748B41 /* cube_reco_context.h */ = {isa = PBXFileReference; fileEncoding = 4; lastKnownFileType = sourcecode.c.h; path = cube_reco_context.h; sourceTree = "<group>"; };
		362C2AFD178E380F00748B41 /* cubeclassifier.h */ = {isa = PBXFileReference; fileEncoding = 4; lastKnownFileType = sourcecode.c.h; path = cubeclassifier.h; sourceTree = "<group>"; };
		362C2AFE178E380F00748B41 /* detlinefit.h */ = {isa = PBXFileReference; fileEncoding = 4; lastKnownFileType = sourcecode.c.h; path = detlinefit.h; sourceTree = "<group>"; };
		362C2AFF178E380F00748B41 /* docqual.h */ = {isa = PBXFileReference; fileEncoding = 4; lastKnownFileType = sourcecode.c.h; path = docqual.h; sourceTree = "<group>"; };
		362C2B00178E380F00748B41 /* dppoint.h */ = {isa = PBXFileReference; fileEncoding = 4; lastKnownFileType = sourcecode.c.h; path = dppoint.h; sourceTree = "<group>"; };
		362C2B01178E380F00748B41 /* elst.h */ = {isa = PBXFileReference; fileEncoding = 4; lastKnownFileType = sourcecode.c.h; path = elst.h; sourceTree = "<group>"; };
		362C2B02178E380F00748B41 /* elst2.h */ = {isa = PBXFileReference; fileEncoding = 4; lastKnownFileType = sourcecode.c.h; path = elst2.h; sourceTree = "<group>"; };
		362C2B03178E380F00748B41 /* equationdetect.h */ = {isa = PBXFileReference; fileEncoding = 4; lastKnownFileType = sourcecode.c.h; path = equationdetect.h; sourceTree = "<group>"; };
		362C2B04178E380F00748B41 /* errcode.h */ = {isa = PBXFileReference; fileEncoding = 4; lastKnownFileType = sourcecode.c.h; path = errcode.h; sourceTree = "<group>"; };
		362C2B05178E380F00748B41 /* fileerr.h */ = {isa = PBXFileReference; fileEncoding = 4; lastKnownFileType = sourcecode.c.h; path = fileerr.h; sourceTree = "<group>"; };
		362C2B06178E380F00748B41 /* fixspace.h */ = {isa = PBXFileReference; fileEncoding = 4; lastKnownFileType = sourcecode.c.h; path = fixspace.h; sourceTree = "<group>"; };
		362C2B07178E380F00748B41 /* fontinfo.h */ = {isa = PBXFileReference; fileEncoding = 4; lastKnownFileType = sourcecode.c.h; path = fontinfo.h; sourceTree = "<group>"; };
		362C2B08178E380F00748B41 /* genblob.h */ = {isa = PBXFileReference; fileEncoding = 4; lastKnownFileType = sourcecode.c.h; path = genblob.h; sourceTree = "<group>"; };
		362C2B09178E380F00748B41 /* genericvector.h */ = {isa = PBXFileReference; fileEncoding = 4; lastKnownFileType = sourcecode.c.h; path = genericvector.h; sourceTree = "<group>"; };
		362C2B0A178E380F00748B41 /* globaloc.h */ = {isa = PBXFileReference; fileEncoding = 4; lastKnownFileType = sourcecode.c.h; path = globaloc.h; sourceTree = "<group>"; };
		362C2B0B178E380F00748B41 /* hashfn.h */ = {isa = PBXFileReference; fileEncoding = 4; lastKnownFileType = sourcecode.c.h; path = hashfn.h; sourceTree = "<group>"; };
		362C2B0C178E380F00748B41 /* helpers.h */ = {isa = PBXFileReference; fileEncoding = 4; lastKnownFileType = sourcecode.c.h; path = helpers.h; sourceTree = "<group>"; };
		362C2B0D178E380F00748B41 /* host.h */ = {isa = PBXFileReference; fileEncoding = 4; lastKnownFileType = sourcecode.c.h; path = host.h; sourceTree = "<group>"; };
		362C2B0E178E380F00748B41 /* hosthplb.h */ = {isa = PBXFileReference; fileEncoding = 4; lastKnownFileType = sourcecode.c.h; path = hosthplb.h; sourceTree = "<group>"; };
		362C2B0F178E380F00748B41 /* hpddef.h */ = {isa = PBXFileReference; fileEncoding = 4; lastKnownFileType = sourcecode.c.h; path = hpddef.h; sourceTree = "<group>"; };
		362C2B10178E380F00748B41 /* hpdsizes.h */ = {isa = PBXFileReference; fileEncoding = 4; lastKnownFileType = sourcecode.c.h; path = hpdsizes.h; sourceTree = "<group>"; };
		362C2B11178E380F00748B41 /* imgscale.h */ = {isa = PBXFileReference; fileEncoding = 4; lastKnownFileType = sourcecode.c.h; path = imgscale.h; sourceTree = "<group>"; };
		362C2B12178E380F00748B41 /* indexmapbidi.h */ = {isa = PBXFileReference; fileEncoding = 4; lastKnownFileType = sourcecode.c.h; path = indexmapbidi.h; sourceTree = "<group>"; };
		362C2B13178E380F00748B41 /* ipoints.h */ = {isa = PBXFileReference; fileEncoding = 4; lastKnownFileType = sourcecode.c.h; path = ipoints.h; sourceTree = "<group>"; };
		362C2B14178E380F00748B41 /* linlsq.h */ = {isa = PBXFileReference; fileEncoding = 4; lastKnownFileType = sourcecode.c.h; path = linlsq.h; sourceTree = "<group>"; };
		362C2B15178E380F00748B41 /* lsterr.h */ = {isa = PBXFileReference; fileEncoding = 4; lastKnownFileType = sourcecode.c.h; path = lsterr.h; sourceTree = "<group>"; };
		362C2B16178E380F00748B41 /* ltrresultiterator.h */ = {isa = PBXFileReference; fileEncoding = 4; lastKnownFileType = sourcecode.c.h; path = ltrresultiterator.h; sourceTree = "<group>"; };
		362C2B17178E380F00748B41 /* matrix.h */ = {isa = PBXFileReference; fileEncoding = 4; lastKnownFileType = sourcecode.c.h; path = matrix.h; sourceTree = "<group>"; };
		362C2B18178E380F00748B41 /* memry.h */ = {isa = PBXFileReference; fileEncoding = 4; lastKnownFileType = sourcecode.c.h; path = memry.h; sourceTree = "<group>"; };
		362C2B19178E380F00748B41 /* mfcpch.h */ = {isa = PBXFileReference; fileEncoding = 4; lastKnownFileType = sourcecode.c.h; path = mfcpch.h; sourceTree = "<group>"; };
		362C2B1A178E380F00748B41 /* mod128.h */ = {isa = PBXFileReference; fileEncoding = 4; lastKnownFileType = sourcecode.c.h; path = mod128.h; sourceTree = "<group>"; };
		362C2B1B178E380F00748B41 /* mutableiterator.h */ = {isa = PBXFileReference; fileEncoding = 4; lastKnownFileType = sourcecode.c.h; path = mutableiterator.h; sourceTree = "<group>"; };
		362C2B1C178E380F00748B41 /* ndminx.h */ = {isa = PBXFileReference; fileEncoding = 4; lastKnownFileType = sourcecode.c.h; path = ndminx.h; sourceTree = "<group>"; };
		362C2B1D178E380F00748B41 /* normalis.h */ = {isa = PBXFileReference; fileEncoding = 4; lastKnownFileType = sourcecode.c.h; path = normalis.h; sourceTree = "<group>"; };
		362C2B1E178E380F00748B41 /* notdll.h */ = {isa = PBXFileReference; fileEncoding = 4; lastKnownFileType = sourcecode.c.h; path = notdll.h; sourceTree = "<group>"; };
		362C2B1F178E380F00748B41 /* nwmain.h */ = {isa = PBXFileReference; fileEncoding = 4; lastKnownFileType = sourcecode.c.h; path = nwmain.h; sourceTree = "<group>"; };
		362C2B20178E380F00748B41 /* ocrblock.h */ = {isa = PBXFileReference; fileEncoding = 4; lastKnownFileType = sourcecode.c.h; path = ocrblock.h; sourceTree = "<group>"; };
		362C2B21178E380F00748B41 /* ocrclass.h */ = {isa = PBXFileReference; fileEncoding = 4; lastKnownFileType = sourcecode.c.h; path = ocrclass.h; sourceTree = "<group>"; };
		362C2B22178E380F00748B41 /* ocrpara.h */ = {isa = PBXFileReference; fileEncoding = 4; lastKnownFileType = sourcecode.c.h; path = ocrpara.h; sourceTree = "<group>"; };
		362C2B23178E380F00748B41 /* ocrrow.h */ = {isa = PBXFileReference; fileEncoding = 4; lastKnownFileType = sourcecode.c.h; path = ocrrow.h; sourceTree = "<group>"; };
		362C2B24178E380F00748B41 /* osdetect.h */ = {isa = PBXFileReference; fileEncoding = 4; lastKnownFileType = sourcecode.c.h; path = osdetect.h; sourceTree = "<group>"; };
		362C2B25178E380F00748B41 /* otsuthr.h */ = {isa = PBXFileReference; fileEncoding = 4; lastKnownFileType = sourcecode.c.h; path = otsuthr.h; sourceTree = "<group>"; };
		362C2B26178E380F00748B41 /* output.h */ = {isa = PBXFileReference; fileEncoding = 4; lastKnownFileType = sourcecode.c.h; path = output.h; sourceTree = "<group>"; };
		362C2B27178E380F00748B41 /* pageiterator.h */ = {isa = PBXFileReference; fileEncoding = 4; lastKnownFileType = sourcecode.c.h; path = pageiterator.h; sourceTree = "<group>"; };
		362C2B28178E380F00748B41 /* pageres.h */ = {isa = PBXFileReference; fileEncoding = 4; lastKnownFileType = sourcecode.c.h; path = pageres.h; sourceTree = "<group>"; };
		362C2B29178E380F00748B41 /* paragraphs.h */ = {isa = PBXFileReference; fileEncoding = 4; lastKnownFileType = sourcecode.c.h; path = paragraphs.h; sourceTree = "<group>"; };
		362C2B2A178E380F00748B41 /* paragraphs_internal.h */ = {isa = PBXFileReference; fileEncoding = 4; lastKnownFileType = sourcecode.c.h; path = paragraphs_internal.h; sourceTree = "<group>"; };
		362C2B2B178E380F00748B41 /* params.h */ = {isa = PBXFileReference; fileEncoding = 4; lastKnownFileType = sourcecode.c.h; path = params.h; sourceTree = "<group>"; };
		362C2B2C178E380F00748B41 /* params_training_featdef.h */ = {isa = PBXFileReference; fileEncoding = 4; lastKnownFileType = sourcecode.c.h; path = params_training_featdef.h; sourceTree = "<group>"; };
		362C2B2D178E380F00748B41 /* paramsd.h */ = {isa = PBXFileReference; fileEncoding = 4; lastKnownFileType = sourcecode.c.h; path = paramsd.h; sourceTree = "<group>"; };
		362C2B2E178E380F00748B41 /* pdblock.h */ = {isa = PBXFileReference; fileEncoding = 4; lastKnownFileType = sourcecode.c.h; path = pdblock.h; sourceTree = "<group>"; };
		362C2B2F178E380F00748B41 /* pgedit.h */ = {isa = PBXFileReference; fileEncoding = 4; lastKnownFileType = sourcecode.c.h; path = pgedit.h; sourceTree = "<group>"; };
		362C2B30178E380F00748B41 /* platform.h */ = {isa = PBXFileReference; fileEncoding = 4; lastKnownFileType = sourcecode.c.h; path = platform.h; sourceTree = "<group>"; };
		362C2B31178E380F00748B41 /* points.h */ = {isa = PBXFileReference; fileEncoding = 4; lastKnownFileType = sourcecode.c.h; path = points.h; sourceTree = "<group>"; };
		362C2B32178E380F00748B41 /* polyaprx.h */ = {isa = PBXFileReference; fileEncoding = 4; lastKnownFileType = sourcecode.c.h; path = polyaprx.h; sourceTree = "<group>"; };
		362C2B33178E380F00748B41 /* polyblk.h */ = {isa = PBXFileReference; fileEncoding = 4; lastKnownFileType = sourcecode.c.h; path = polyblk.h; sourceTree = "<group>"; };
		362C2B34178E380F00748B41 /* publictypes.h */ = {isa = PBXFileReference; fileEncoding = 4; lastKnownFileType = sourcecode.c.h; path = publictypes.h; sourceTree = "<group>"; };
		362C2B35178E380F00748B41 /* qrsequence.h */ = {isa = PBXFileReference; fileEncoding = 4; lastKnownFileType = sourcecode.c.h; path = qrsequence.h; sourceTree = "<group>"; };
		362C2B36178E380F00748B41 /* quadlsq.h */ = {isa = PBXFileReference; fileEncoding = 4; lastKnownFileType = sourcecode.c.h; path = quadlsq.h; sourceTree = "<group>"; };
		362C2B37178E381000748B41 /* quadratc.h */ = {isa = PBXFileReference; fileEncoding = 4; lastKnownFileType = sourcecode.c.h; path = quadratc.h; sourceTree = "<group>"; };
		362C2B38178E381000748B41 /* quspline.h */ = {isa = PBXFileReference; fileEncoding = 4; lastKnownFileType = sourcecode.c.h; path = quspline.h; sourceTree = "<group>"; };
		362C2B39178E381000748B41 /* ratngs.h */ = {isa = PBXFileReference; fileEncoding = 4; lastKnownFileType = sourcecode.c.h; path = ratngs.h; sourceTree = "<group>"; };
		362C2B3A178E381000748B41 /* rect.h */ = {isa = PBXFileReference; fileEncoding = 4; lastKnownFileType = sourcecode.c.h; path = rect.h; sourceTree = "<group>"; };
		362C2B3B178E381000748B41 /* rejctmap.h */ = {isa = PBXFileReference; fileEncoding = 4; lastKnownFileType = sourcecode.c.h; path = rejctmap.h; sourceTree = "<group>"; };
		362C2B3C178E381000748B41 /* reject.h */ = {isa = PBXFileReference; fileEncoding = 4; lastKnownFileType = sourcecode.c.h; path = reject.h; sourceTree = "<group>"; };
		362C2B3D178E381000748B41 /* resultiterator.h */ = {isa = PBXFileReference; fileEncoding = 4; lastKnownFileType = sourcecode.c.h; path = resultiterator.h; sourceTree = "<group>"; };
		362C2B3E178E381000748B41 /* scaleimg.h */ = {isa = PBXFileReference; fileEncoding = 4; lastKnownFileType = sourcecode.c.h; path = scaleimg.h; sourceTree = "<group>"; };
		362C2B3F178E381000748B41 /* scanutils.h */ = {isa = PBXFileReference; fileEncoding = 4; lastKnownFileType = sourcecode.c.h; path = scanutils.h; sourceTree = "<group>"; };
		362C2B40178E381000748B41 /* seam.h */ = {isa = PBXFileReference; fileEncoding = 4; lastKnownFileType = sourcecode.c.h; path = seam.h; sourceTree = "<group>"; };
		362C2B41178E381000748B41 /* secname.h */ = {isa = PBXFileReference; fileEncoding = 4; lastKnownFileType = sourcecode.c.h; path = secname.h; sourceTree = "<group>"; };
		362C2B42178E381000748B41 /* serialis.h */ = {isa = PBXFileReference; fileEncoding = 4; lastKnownFileType = sourcecode.c.h; path = serialis.h; sourceTree = "<group>"; };
		362C2B43178E381000748B41 /* sorthelper.h */ = {isa = PBXFileReference; fileEncoding = 4; lastKnownFileType = sourcecode.c.h; path = sorthelper.h; sourceTree = "<group>"; };
		362C2B44178E381000748B41 /* split.h */ = {isa = PBXFileReference; fileEncoding = 4; lastKnownFileType = sourcecode.c.h; path = split.h; sourceTree = "<group>"; };
		362C2B45178E381000748B41 /* statistc.h */ = {isa = PBXFileReference; fileEncoding = 4; lastKnownFileType = sourcecode.c.h; path = statistc.h; sourceTree = "<group>"; };
		362C2B46178E381000748B41 /* stderr.h */ = {isa = PBXFileReference; fileEncoding = 4; lastKnownFileType = sourcecode.c.h; path = stderr.h; sourceTree = "<group>"; };
		362C2B47178E381000748B41 /* stepblob.h */ = {isa = PBXFileReference; fileEncoding = 4; lastKnownFileType = sourcecode.c.h; path = stepblob.h; sourceTree = "<group>"; };
		362C2B48178E381000748B41 /* strngs.h */ = {isa = PBXFileReference; fileEncoding = 4; lastKnownFileType = sourcecode.c.h; path = strngs.h; sourceTree = "<group>"; };
		362C2B49178E381000748B41 /* tessbox.h */ = {isa = PBXFileReference; fileEncoding = 4; lastKnownFileType = sourcecode.c.h; path = tessbox.h; sourceTree = "<group>"; };
		362C2B4A178E381000748B41 /* tesscallback.h */ = {isa = PBXFileReference; fileEncoding = 4; lastKnownFileType = sourcecode.c.h; path = tesscallback.h; sourceTree = "<group>"; };
		362C2B4B178E381000748B41 /* tessdatamanager.h */ = {isa = PBXFileReference; fileEncoding = 4; lastKnownFileType = sourcecode.c.h; path = tessdatamanager.h; sourceTree = "<group>"; };
		362C2B4C178E381000748B41 /* tessedit.h */ = {isa = PBXFileReference; fileEncoding = 4; lastKnownFileType = sourcecode.c.h; path = tessedit.h; sourceTree = "<group>"; };
		362C2B4D178E381000748B41 /* tesseract_cube_combiner.h */ = {isa = PBXFileReference; fileEncoding = 4; lastKnownFileType = sourcecode.c.h; path = tesseract_cube_combiner.h; sourceTree = "<group>"; };
		362C2B4E178E381000748B41 /* tesseractclass.h */ = {isa = PBXFileReference; fileEncoding = 4; lastKnownFileType = sourcecode.c.h; path = tesseractclass.h; sourceTree = "<group>"; };
		362C2B4F178E381000748B41 /* tesseractmain.h */ = {isa = PBXFileReference; fileEncoding = 4; lastKnownFileType = sourcecode.c.h; path = tesseractmain.h; sourceTree = "<group>"; };
		362C2B50178E381000748B41 /* tessvars.h */ = {isa = PBXFileReference; fileEncoding = 4; lastKnownFileType = sourcecode.c.h; path = tessvars.h; sourceTree = "<group>"; };
		362C2B51178E381000748B41 /* tfacep.h */ = {isa = PBXFileReference; fileEncoding = 4; lastKnownFileType = sourcecode.c.h; path = tfacep.h; sourceTree = "<group>"; };
		362C2B52178E381000748B41 /* tfacepp.h */ = {isa = PBXFileReference; fileEncoding = 4; lastKnownFileType = sourcecode.c.h; path = tfacepp.h; sourceTree = "<group>"; };
		362C2B53178E381000748B41 /* thresholder.h */ = {isa = PBXFileReference; fileEncoding = 4; lastKnownFileType = sourcecode.c.h; path = thresholder.h; sourceTree = "<group>"; };
		362C2B54178E381000748B41 /* tprintf.h */ = {isa = PBXFileReference; fileEncoding = 4; lastKnownFileType = sourcecode.c.h; path = tprintf.h; sourceTree = "<group>"; };
		362C2B55178E381000748B41 /* unichar.h */ = {isa = PBXFileReference; fileEncoding = 4; lastKnownFileType = sourcecode.c.h; path = unichar.h; sourceTree = "<group>"; };
		362C2B56178E381000748B41 /* unicharmap.h */ = {isa = PBXFileReference; fileEncoding = 4; lastKnownFileType = sourcecode.c.h; path = unicharmap.h; sourceTree = "<group>"; };
		362C2B57178E381000748B41 /* unicharset.h */ = {isa = PBXFileReference; fileEncoding = 4; lastKnownFileType = sourcecode.c.h; path = unicharset.h; sourceTree = "<group>"; };
		362C2B58178E381000748B41 /* unicity_table.h */ = {isa = PBXFileReference; fileEncoding = 4; lastKnownFileType = sourcecode.c.h; path = unicity_table.h; sourceTree = "<group>"; };
		362C2B59178E381000748B41 /* unicodes.h */ = {isa = PBXFileReference; fileEncoding = 4; lastKnownFileType = sourcecode.c.h; path = unicodes.h; sourceTree = "<group>"; };
		362C2B5A178E381000748B41 /* vecfuncs.h */ = {isa = PBXFileReference; fileEncoding = 4; lastKnownFileType = sourcecode.c.h; path = vecfuncs.h; sourceTree = "<group>"; };
		362C2B5B178E381000748B41 /* werd.h */ = {isa = PBXFileReference; fileEncoding = 4; lastKnownFileType = sourcecode.c.h; path = werd.h; sourceTree = "<group>"; };
		362C2B5C178E381000748B41 /* werdit.h */ = {isa = PBXFileReference; fileEncoding = 4; lastKnownFileType = sourcecode.c.h; path = werdit.h; sourceTree = "<group>"; };
		362C2B5E178E381000748B41 /* liblept.a */ = {isa = PBXFileReference; lastKnownFileType = archive.ar; path = liblept.a; sourceTree = "<group>"; };
		362C2B5F178E381000748B41 /* libtesseract_all.a */ = {isa = PBXFileReference; lastKnownFileType = archive.ar; path = libtesseract_all.a; sourceTree = "<group>"; };
		362C2B60178E381000748B41 /* README.md */ = {isa = PBXFileReference; fileEncoding = 4; lastKnownFileType = text; path = README.md; sourceTree = "<group>"; };
		362C2B67178E384C00748B41 /* Tesseract.h */ = {isa = PBXFileReference; fileEncoding = 4; lastKnownFileType = sourcecode.c.h; path = Tesseract.h; sourceTree = "<group>"; };
		362C2B68178E384C00748B41 /* Tesseract.mm */ = {isa = PBXFileReference; fileEncoding = 4; lastKnownFileType = sourcecode.cpp.objcpp; path = Tesseract.mm; sourceTree = "<group>"; };
		362C2B69178E384C00748B41 /* LICENSE */ = {isa = PBXFileReference; fileEncoding = 4; lastKnownFileType = text; path = LICENSE; sourceTree = "<group>"; };
		362C2B6A178E384C00748B41 /* README.md */ = {isa = PBXFileReference; fileEncoding = 4; lastKnownFileType = text; path = README.md; sourceTree = "<group>"; };
		366FDD7F178F35370095C1A1 /* phototest.gif */ = {isa = PBXFileReference; lastKnownFileType = image.gif; path = phototest.gif; sourceTree = "<group>"; };
		366FDD82178F36F00095C1A1 /* tessdata */ = {isa = PBXFileReference; lastKnownFileType = folder; path = tessdata; sourceTree = "<group>"; };
		366FDD85178F4F440095C1A1 /* CardIO.h */ = {isa = PBXFileReference; fileEncoding = 4; lastKnownFileType = sourcecode.c.h; path = CardIO.h; sourceTree = "<group>"; };
		366FDD86178F4F440095C1A1 /* CardIOCreditCardInfo.h */ = {isa = PBXFileReference; fileEncoding = 4; lastKnownFileType = sourcecode.c.h; path = CardIOCreditCardInfo.h; sourceTree = "<group>"; };
		366FDD87178F4F440095C1A1 /* CardIOPaymentViewController.h */ = {isa = PBXFileReference; fileEncoding = 4; lastKnownFileType = sourcecode.c.h; path = CardIOPaymentViewController.h; sourceTree = "<group>"; };
		366FDD88178F4F440095C1A1 /* CardIOPaymentViewControllerDelegate.h */ = {isa = PBXFileReference; fileEncoding = 4; lastKnownFileType = sourcecode.c.h; path = CardIOPaymentViewControllerDelegate.h; sourceTree = "<group>"; };
		366FDD89178F4F440095C1A1 /* libCardIO.a */ = {isa = PBXFileReference; lastKnownFileType = archive.ar; path = libCardIO.a; sourceTree = "<group>"; };
		366FDD8B178F4FA40095C1A1 /* AVFoundation.framework */ = {isa = PBXFileReference; lastKnownFileType = wrapper.framework; name = AVFoundation.framework; path = System/Library/Frameworks/AVFoundation.framework; sourceTree = SDKROOT; };
		366FDD8D178F4FAF0095C1A1 /* CoreMedia.framework */ = {isa = PBXFileReference; lastKnownFileType = wrapper.framework; name = CoreMedia.framework; path = System/Library/Frameworks/CoreMedia.framework; sourceTree = SDKROOT; };
		366FDD8F178F4FB80095C1A1 /* MobileCoreServices.framework */ = {isa = PBXFileReference; lastKnownFileType = wrapper.framework; name = MobileCoreServices.framework; path = System/Library/Frameworks/MobileCoreServices.framework; sourceTree = SDKROOT; };
		366FDD91178F4FC20095C1A1 /* CoreVideo.framework */ = {isa = PBXFileReference; lastKnownFileType = wrapper.framework; name = CoreVideo.framework; path = System/Library/Frameworks/CoreVideo.framework; sourceTree = SDKROOT; };
		366FDD93178F4FCB0095C1A1 /* OpenGLES.framework */ = {isa = PBXFileReference; lastKnownFileType = wrapper.framework; name = OpenGLES.framework; path = System/Library/Frameworks/OpenGLES.framework; sourceTree = SDKROOT; };
		366FDD95178F4FD50095C1A1 /* Security.framework */ = {isa = PBXFileReference; lastKnownFileType = wrapper.framework; name = Security.framework; path = System/Library/Frameworks/Security.framework; sourceTree = SDKROOT; };
		36791C1A178792BC002681B7 /* ProcessAlgoMain.h */ = {isa = PBXFileReference; fileEncoding = 4; lastKnownFileType = sourcecode.c.h; path = ProcessAlgoMain.h; sourceTree = "<group>"; };
		36791C1B178792BC002681B7 /* ProcessAlgoMain.m */ = {isa = PBXFileReference; fileEncoding = 4; lastKnownFileType = sourcecode.c.objc; path = ProcessAlgoMain.m; sourceTree = "<group>"; };
		36791C1D17879361002681B7 /* ProcessingFunctions.h */ = {isa = PBXFileReference; fileEncoding = 4; lastKnownFileType = sourcecode.c.h; path = ProcessingFunctions.h; sourceTree = "<group>"; };
		36791C1E17879361002681B7 /* ProcessingFunctions.m */ = {isa = PBXFileReference; fileEncoding = 4; lastKnownFileType = sourcecode.c.objc; path = ProcessingFunctions.m; sourceTree = "<group>"; };
		36791C1F17879361002681B7 /* Clump.h */ = {isa = PBXFileReference; fileEncoding = 4; lastKnownFileType = sourcecode.c.h; path = Clump.h; sourceTree = "<group>"; };
		36791C2017879361002681B7 /* Clump.m */ = {isa = PBXFileReference; fileEncoding = 4; lastKnownFileType = sourcecode.c.objc; path = Clump.m; sourceTree = "<group>"; };
		3692BE9F165740B2002A8605 /* audio_helper.h */ = {isa = PBXFileReference; fileEncoding = 4; lastKnownFileType = sourcecode.c.h; path = audio_helper.h; sourceTree = "<group>"; };
		3692BEA71657414F002A8605 /* audio_helper.cpp */ = {isa = PBXFileReference; fileEncoding = 4; lastKnownFileType = sourcecode.cpp.cpp; path = audio_helper.cpp; sourceTree = "<group>"; };
		3692BEAA165741E9002A8605 /* CADebugMacros.h */ = {isa = PBXFileReference; fileEncoding = 4; lastKnownFileType = sourcecode.c.h; path = CADebugMacros.h; sourceTree = "<group>"; };
		3692BEAB165741E9002A8605 /* CADebugMacros.cpp */ = {isa = PBXFileReference; fileEncoding = 4; lastKnownFileType = sourcecode.cpp.cpp; path = CADebugMacros.cpp; sourceTree = "<group>"; };
		3692BEAC165741E9002A8605 /* CAXException.h */ = {isa = PBXFileReference; fileEncoding = 4; lastKnownFileType = sourcecode.c.h; path = CAXException.h; sourceTree = "<group>"; };
		3692BEAD165741E9002A8605 /* CAXException.cpp */ = {isa = PBXFileReference; fileEncoding = 4; lastKnownFileType = sourcecode.cpp.cpp; path = CAXException.cpp; sourceTree = "<group>"; };
		3692BEAE165741E9002A8605 /* CAMath.h */ = {isa = PBXFileReference; fileEncoding = 4; lastKnownFileType = sourcecode.c.h; path = CAMath.h; sourceTree = "<group>"; };
		3692BEAF165741E9002A8605 /* CAStreamBasicDescription.h */ = {isa = PBXFileReference; fileEncoding = 4; lastKnownFileType = sourcecode.c.h; path = CAStreamBasicDescription.h; sourceTree = "<group>"; };
		3692BEB0165741E9002A8605 /* CAStreamBasicDescription.cpp */ = {isa = PBXFileReference; fileEncoding = 4; lastKnownFileType = sourcecode.cpp.cpp; path = CAStreamBasicDescription.cpp; sourceTree = "<group>"; };
		36B750CD161693A700A6ED3B /* Ultrasound.app */ = {isa = PBXFileReference; explicitFileType = wrapper.application; includeInIndex = 0; path = Ultrasound.app; sourceTree = BUILT_PRODUCTS_DIR; };
		36B750D1161693A700A6ED3B /* UIKit.framework */ = {isa = PBXFileReference; lastKnownFileType = wrapper.framework; name = UIKit.framework; path = System/Library/Frameworks/UIKit.framework; sourceTree = SDKROOT; };
		36B750D3161693A700A6ED3B /* Foundation.framework */ = {isa = PBXFileReference; lastKnownFileType = wrapper.framework; name = Foundation.framework; path = System/Library/Frameworks/Foundation.framework; sourceTree = SDKROOT; };
		36B750D5161693A700A6ED3B /* CoreGraphics.framework */ = {isa = PBXFileReference; lastKnownFileType = wrapper.framework; name = CoreGraphics.framework; path = System/Library/Frameworks/CoreGraphics.framework; sourceTree = SDKROOT; };
		36B750D9161693A700A6ED3B /* Ultrasound-Info.plist */ = {isa = PBXFileReference; lastKnownFileType = text.plist.xml; path = "Ultrasound-Info.plist"; sourceTree = "<group>"; };
		36B750DB161693A700A6ED3B /* en */ = {isa = PBXFileReference; lastKnownFileType = text.plist.strings; name = en; path = en.lproj/InfoPlist.strings; sourceTree = "<group>"; };
		36B750DD161693A700A6ED3B /* main.m */ = {isa = PBXFileReference; lastKnownFileType = sourcecode.c.objc; path = main.m; sourceTree = "<group>"; };
		36B750DF161693A700A6ED3B /* Ultrasound-Prefix.pch */ = {isa = PBXFileReference; lastKnownFileType = sourcecode.c.h; path = "Ultrasound-Prefix.pch"; sourceTree = "<group>"; };
		36B750E0161693A700A6ED3B /* AppDelegate.h */ = {isa = PBXFileReference; lastKnownFileType = sourcecode.c.h; path = AppDelegate.h; sourceTree = "<group>"; };
		36B750E1161693A800A6ED3B /* AppDelegate.m */ = {isa = PBXFileReference; lastKnownFileType = sourcecode.c.objc; path = AppDelegate.m; sourceTree = "<group>"; };
		36B750E3161693A800A6ED3B /* Default.png */ = {isa = PBXFileReference; lastKnownFileType = image.png; path = Default.png; sourceTree = "<group>"; };
		36B750E5161693A800A6ED3B /* Default@2x.png */ = {isa = PBXFileReference; lastKnownFileType = image.png; path = "Default@2x.png"; sourceTree = "<group>"; };
		36B750E7161693A800A6ED3B /* Default-568h@2x.png */ = {isa = PBXFileReference; lastKnownFileType = image.png; path = "Default-568h@2x.png"; sourceTree = "<group>"; };
		36B750EA161693A800A6ED3B /* en */ = {isa = PBXFileReference; lastKnownFileType = file.storyboard; name = en; path = en.lproj/MainStoryboard_iPhone.storyboard; sourceTree = "<group>"; };
		36B750ED161693A800A6ED3B /* en */ = {isa = PBXFileReference; lastKnownFileType = file.storyboard; name = en; path = en.lproj/MainStoryboard_iPad.storyboard; sourceTree = "<group>"; };
		36B750EF161693A800A6ED3B /* ViewController.h */ = {isa = PBXFileReference; lastKnownFileType = sourcecode.c.h; path = ViewController.h; sourceTree = "<group>"; };
		36B750F0161693A800A6ED3B /* ViewController.m */ = {isa = PBXFileReference; lastKnownFileType = sourcecode.c.objc; path = ViewController.m; sourceTree = "<group>"; };
		36B750F7161693A800A6ED3B /* UltrasoundTests.octest */ = {isa = PBXFileReference; explicitFileType = wrapper.cfbundle; includeInIndex = 0; path = UltrasoundTests.octest; sourceTree = BUILT_PRODUCTS_DIR; };
		36B750F8161693A800A6ED3B /* SenTestingKit.framework */ = {isa = PBXFileReference; lastKnownFileType = wrapper.framework; name = SenTestingKit.framework; path = Library/Frameworks/SenTestingKit.framework; sourceTree = DEVELOPER_DIR; };
		36B75100161693A800A6ED3B /* UltrasoundTests-Info.plist */ = {isa = PBXFileReference; lastKnownFileType = text.plist.xml; path = "UltrasoundTests-Info.plist"; sourceTree = "<group>"; };
		36B75102161693A800A6ED3B /* en */ = {isa = PBXFileReference; lastKnownFileType = text.plist.strings; name = en; path = en.lproj/InfoPlist.strings; sourceTree = "<group>"; };
		36B75104161693A800A6ED3B /* UltrasoundTests.h */ = {isa = PBXFileReference; lastKnownFileType = sourcecode.c.h; path = UltrasoundTests.h; sourceTree = "<group>"; };
		36B75105161693A800A6ED3B /* UltrasoundTests.m */ = {isa = PBXFileReference; lastKnownFileType = sourcecode.c.objc; path = UltrasoundTests.m; sourceTree = "<group>"; };
		36B7510F161693E900A6ED3B /* AudioManager.h */ = {isa = PBXFileReference; fileEncoding = 4; lastKnownFileType = sourcecode.c.h; path = AudioManager.h; sourceTree = "<group>"; };
		36B75110161693E900A6ED3B /* AudioManager.mm */ = {isa = PBXFileReference; fileEncoding = 4; lastKnownFileType = sourcecode.cpp.objcpp; path = AudioManager.mm; sourceTree = "<group>"; };
		36B751121616941300A6ED3B /* AudioToolbox.framework */ = {isa = PBXFileReference; lastKnownFileType = wrapper.framework; name = AudioToolbox.framework; path = System/Library/Frameworks/AudioToolbox.framework; sourceTree = SDKROOT; };
		36C3017B1634966F00D44AE8 /* AudioPlayer.h */ = {isa = PBXFileReference; fileEncoding = 4; lastKnownFileType = sourcecode.c.h; path = AudioPlayer.h; sourceTree = "<group>"; };
		36C3017C1634966F00D44AE8 /* AudioPlayer.m */ = {isa = PBXFileReference; fileEncoding = 4; lastKnownFileType = sourcecode.c.objc; path = AudioPlayer.m; sourceTree = "<group>"; };
		36CC7AEA1784A906004E0127 /* QuartzCore.framework */ = {isa = PBXFileReference; lastKnownFileType = wrapper.framework; name = QuartzCore.framework; path = System/Library/Frameworks/QuartzCore.framework; sourceTree = SDKROOT; };
		36CC7AEC1784E49D004E0127 /* Processor.h */ = {isa = PBXFileReference; fileEncoding = 4; lastKnownFileType = sourcecode.c.h; path = Processor.h; sourceTree = "<group>"; };
		36CC7AED1784E49D004E0127 /* Processor.m */ = {isa = PBXFileReference; fileEncoding = 4; lastKnownFileType = sourcecode.c.objc; path = Processor.m; sourceTree = "<group>"; };
/* End PBXFileReference section */

/* Begin PBXFrameworksBuildPhase section */
		36B750CA161693A700A6ED3B /* Frameworks */ = {
			isa = PBXFrameworksBuildPhase;
			buildActionMask = 2147483647;
			files = (
				366FDD96178F4FD50095C1A1 /* Security.framework in Frameworks */,
				366FDD94178F4FCB0095C1A1 /* OpenGLES.framework in Frameworks */,
				366FDD92178F4FC20095C1A1 /* CoreVideo.framework in Frameworks */,
				366FDD90178F4FB80095C1A1 /* MobileCoreServices.framework in Frameworks */,
				366FDD8E178F4FAF0095C1A1 /* CoreMedia.framework in Frameworks */,
				366FDD8C178F4FA40095C1A1 /* AVFoundation.framework in Frameworks */,
				36CC7AEB1784A906004E0127 /* QuartzCore.framework in Frameworks */,
				36B751131616941300A6ED3B /* AudioToolbox.framework in Frameworks */,
				36B750D2161693A700A6ED3B /* UIKit.framework in Frameworks */,
				36B750D4161693A700A6ED3B /* Foundation.framework in Frameworks */,
				36B750D6161693A700A6ED3B /* CoreGraphics.framework in Frameworks */,
				362C2B62178E381000748B41 /* liblept.a in Frameworks */,
				362C2B63178E381000748B41 /* libtesseract_all.a in Frameworks */,
				366FDD8A178F4F440095C1A1 /* libCardIO.a in Frameworks */,
			);
			runOnlyForDeploymentPostprocessing = 0;
		};
		36B750F3161693A800A6ED3B /* Frameworks */ = {
			isa = PBXFrameworksBuildPhase;
			buildActionMask = 2147483647;
			files = (
				36B750F9161693A800A6ED3B /* SenTestingKit.framework in Frameworks */,
				36B750FA161693A800A6ED3B /* UIKit.framework in Frameworks */,
				36B750FB161693A800A6ED3B /* Foundation.framework in Frameworks */,
			);
			runOnlyForDeploymentPostprocessing = 0;
		};
/* End PBXFrameworksBuildPhase section */

/* Begin PBXGroup section */
		361B1A05165AF16200BC19CB /* FFT */ = {
			isa = PBXGroup;
			children = (
				361B19F8165AF09A00BC19CB /* FFTBufferManager.h */,
				361B19F9165AF09A00BC19CB /* FFTBufferManager.cpp */,
				361B19FD165AF15100BC19CB /* rad2fft.h */,
				361B19FE165AF15100BC19CB /* rad2fft.c */,
				361B19FF165AF15100BC19CB /* SpectrumAnalysis.h */,
				361B1A00165AF15100BC19CB /* SpectrumAnalysis.cpp */,
			);
			name = FFT;
			sourceTree = "<group>";
		};
		362C2AC9178E380F00748B41 /* tesseract-ios-lib */ = {
			isa = PBXGroup;
			children = (
				362C2ACA178E380F00748B41 /* .gitignore */,
				362C2ACB178E380F00748B41 /* include */,
				362C2B5D178E381000748B41 /* lib */,
				362C2B60178E381000748B41 /* README.md */,
			);
			path = "tesseract-ios-lib";
			sourceTree = "<group>";
		};
		362C2ACB178E380F00748B41 /* include */ = {
			isa = PBXGroup;
			children = (
				362C2ACC178E380F00748B41 /* leptonica */,
				362C2AE8178E380F00748B41 /* tesseract */,
			);
			path = include;
			sourceTree = "<group>";
		};
		362C2ACC178E380F00748B41 /* leptonica */ = {
			isa = PBXGroup;
			children = (
				362C2ACD178E380F00748B41 /* allheaders.h */,
				362C2ACE178E380F00748B41 /* alltypes.h */,
				362C2ACF178E380F00748B41 /* array.h */,
				362C2AD0178E380F00748B41 /* arrayaccess.h */,
				362C2AD1178E380F00748B41 /* bbuffer.h */,
				362C2AD2178E380F00748B41 /* bmf.h */,
				362C2AD3178E380F00748B41 /* bmp.h */,
				362C2AD4178E380F00748B41 /* ccbord.h */,
				362C2AD5178E380F00748B41 /* dewarp.h */,
				362C2AD6178E380F00748B41 /* endianness.h */,
				362C2AD7178E380F00748B41 /* environ.h */,
				362C2AD8178E380F00748B41 /* freetype.h */,
				362C2AD9178E380F00748B41 /* gplot.h */,
				362C2ADA178E380F00748B41 /* heap.h */,
				362C2ADB178E380F00748B41 /* imageio.h */,
				362C2ADC178E380F00748B41 /* jbclass.h */,
				362C2ADD178E380F00748B41 /* leptwin.h */,
				362C2ADE178E380F00748B41 /* list.h */,
				362C2ADF178E380F00748B41 /* morph.h */,
				362C2AE0178E380F00748B41 /* pix.h */,
				362C2AE1178E380F00748B41 /* ptra.h */,
				362C2AE2178E380F00748B41 /* queue.h */,
				362C2AE3178E380F00748B41 /* readbarcode.h */,
				362C2AE4178E380F00748B41 /* regutils.h */,
				362C2AE5178E380F00748B41 /* stack.h */,
				362C2AE6178E380F00748B41 /* sudoku.h */,
				362C2AE7178E380F00748B41 /* watershed.h */,
			);
			path = leptonica;
			sourceTree = "<group>";
		};
		362C2AE8178E380F00748B41 /* tesseract */ = {
			isa = PBXGroup;
			children = (
				362C2AE9178E380F00748B41 /* ambigs.h */,
				362C2AEA178E380F00748B41 /* apitypes.h */,
				362C2AEB178E380F00748B41 /* baseapi.h */,
				362C2AEC178E380F00748B41 /* basedir.h */,
				362C2AED178E380F00748B41 /* bits16.h */,
				362C2AEE178E380F00748B41 /* bitvector.h */,
				362C2AEF178E380F00748B41 /* blckerr.h */,
				362C2AF0178E380F00748B41 /* blobbox.h */,
				362C2AF1178E380F00748B41 /* blobs.h */,
				362C2AF2178E380F00748B41 /* blread.h */,
				362C2AF3178E380F00748B41 /* boxread.h */,
				362C2AF4178E380F00748B41 /* boxword.h */,
				362C2AF5178E380F00748B41 /* capi.h */,
				362C2AF6178E380F00748B41 /* ccstruct.h */,
				362C2AF7178E380F00748B41 /* ccutil.h */,
				362C2AF8178E380F00748B41 /* clst.h */,
				362C2AF9178E380F00748B41 /* control.h */,
				362C2AFA178E380F00748B41 /* coutln.h */,
				362C2AFB178E380F00748B41 /* crakedge.h */,
				362C2AFC178E380F00748B41 /* cube_reco_context.h */,
				362C2AFD178E380F00748B41 /* cubeclassifier.h */,
				362C2AFE178E380F00748B41 /* detlinefit.h */,
				362C2AFF178E380F00748B41 /* docqual.h */,
				362C2B00178E380F00748B41 /* dppoint.h */,
				362C2B01178E380F00748B41 /* elst.h */,
				362C2B02178E380F00748B41 /* elst2.h */,
				362C2B03178E380F00748B41 /* equationdetect.h */,
				362C2B04178E380F00748B41 /* errcode.h */,
				362C2B05178E380F00748B41 /* fileerr.h */,
				362C2B06178E380F00748B41 /* fixspace.h */,
				362C2B07178E380F00748B41 /* fontinfo.h */,
				362C2B08178E380F00748B41 /* genblob.h */,
				362C2B09178E380F00748B41 /* genericvector.h */,
				362C2B0A178E380F00748B41 /* globaloc.h */,
				362C2B0B178E380F00748B41 /* hashfn.h */,
				362C2B0C178E380F00748B41 /* helpers.h */,
				362C2B0D178E380F00748B41 /* host.h */,
				362C2B0E178E380F00748B41 /* hosthplb.h */,
				362C2B0F178E380F00748B41 /* hpddef.h */,
				362C2B10178E380F00748B41 /* hpdsizes.h */,
				362C2B11178E380F00748B41 /* imgscale.h */,
				362C2B12178E380F00748B41 /* indexmapbidi.h */,
				362C2B13178E380F00748B41 /* ipoints.h */,
				362C2B14178E380F00748B41 /* linlsq.h */,
				362C2B15178E380F00748B41 /* lsterr.h */,
				362C2B16178E380F00748B41 /* ltrresultiterator.h */,
				362C2B17178E380F00748B41 /* matrix.h */,
				362C2B18178E380F00748B41 /* memry.h */,
				362C2B19178E380F00748B41 /* mfcpch.h */,
				362C2B1A178E380F00748B41 /* mod128.h */,
				362C2B1B178E380F00748B41 /* mutableiterator.h */,
				362C2B1C178E380F00748B41 /* ndminx.h */,
				362C2B1D178E380F00748B41 /* normalis.h */,
				362C2B1E178E380F00748B41 /* notdll.h */,
				362C2B1F178E380F00748B41 /* nwmain.h */,
				362C2B20178E380F00748B41 /* ocrblock.h */,
				362C2B21178E380F00748B41 /* ocrclass.h */,
				362C2B22178E380F00748B41 /* ocrpara.h */,
				362C2B23178E380F00748B41 /* ocrrow.h */,
				362C2B24178E380F00748B41 /* osdetect.h */,
				362C2B25178E380F00748B41 /* otsuthr.h */,
				362C2B26178E380F00748B41 /* output.h */,
				362C2B27178E380F00748B41 /* pageiterator.h */,
				362C2B28178E380F00748B41 /* pageres.h */,
				362C2B29178E380F00748B41 /* paragraphs.h */,
				362C2B2A178E380F00748B41 /* paragraphs_internal.h */,
				362C2B2B178E380F00748B41 /* params.h */,
				362C2B2C178E380F00748B41 /* params_training_featdef.h */,
				362C2B2D178E380F00748B41 /* paramsd.h */,
				362C2B2E178E380F00748B41 /* pdblock.h */,
				362C2B2F178E380F00748B41 /* pgedit.h */,
				362C2B30178E380F00748B41 /* platform.h */,
				362C2B31178E380F00748B41 /* points.h */,
				362C2B32178E380F00748B41 /* polyaprx.h */,
				362C2B33178E380F00748B41 /* polyblk.h */,
				362C2B34178E380F00748B41 /* publictypes.h */,
				362C2B35178E380F00748B41 /* qrsequence.h */,
				362C2B36178E380F00748B41 /* quadlsq.h */,
				362C2B37178E381000748B41 /* quadratc.h */,
				362C2B38178E381000748B41 /* quspline.h */,
				362C2B39178E381000748B41 /* ratngs.h */,
				362C2B3A178E381000748B41 /* rect.h */,
				362C2B3B178E381000748B41 /* rejctmap.h */,
				362C2B3C178E381000748B41 /* reject.h */,
				362C2B3D178E381000748B41 /* resultiterator.h */,
				362C2B3E178E381000748B41 /* scaleimg.h */,
				362C2B3F178E381000748B41 /* scanutils.h */,
				362C2B40178E381000748B41 /* seam.h */,
				362C2B41178E381000748B41 /* secname.h */,
				362C2B42178E381000748B41 /* serialis.h */,
				362C2B43178E381000748B41 /* sorthelper.h */,
				362C2B44178E381000748B41 /* split.h */,
				362C2B45178E381000748B41 /* statistc.h */,
				362C2B46178E381000748B41 /* stderr.h */,
				362C2B47178E381000748B41 /* stepblob.h */,
				362C2B48178E381000748B41 /* strngs.h */,
				362C2B49178E381000748B41 /* tessbox.h */,
				362C2B4A178E381000748B41 /* tesscallback.h */,
				362C2B4B178E381000748B41 /* tessdatamanager.h */,
				362C2B4C178E381000748B41 /* tessedit.h */,
				362C2B4D178E381000748B41 /* tesseract_cube_combiner.h */,
				362C2B4E178E381000748B41 /* tesseractclass.h */,
				362C2B4F178E381000748B41 /* tesseractmain.h */,
				362C2B50178E381000748B41 /* tessvars.h */,
				362C2B51178E381000748B41 /* tfacep.h */,
				362C2B52178E381000748B41 /* tfacepp.h */,
				362C2B53178E381000748B41 /* thresholder.h */,
				362C2B54178E381000748B41 /* tprintf.h */,
				362C2B55178E381000748B41 /* unichar.h */,
				362C2B56178E381000748B41 /* unicharmap.h */,
				362C2B57178E381000748B41 /* unicharset.h */,
				362C2B58178E381000748B41 /* unicity_table.h */,
				362C2B59178E381000748B41 /* unicodes.h */,
				362C2B5A178E381000748B41 /* vecfuncs.h */,
				362C2B5B178E381000748B41 /* werd.h */,
				362C2B5C178E381000748B41 /* werdit.h */,
			);
			path = tesseract;
			sourceTree = "<group>";
		};
		362C2B5D178E381000748B41 /* lib */ = {
			isa = PBXGroup;
			children = (
				362C2B5E178E381000748B41 /* liblept.a */,
				362C2B5F178E381000748B41 /* libtesseract_all.a */,
			);
			path = lib;
			sourceTree = "<group>";
		};
		362C2B65178E384C00748B41 /* tesseract-ios */ = {
			isa = PBXGroup;
			children = (
				362C2B66178E384C00748B41 /* Classes */,
				362C2B69178E384C00748B41 /* LICENSE */,
				362C2B6A178E384C00748B41 /* README.md */,
			);
			path = "tesseract-ios";
			sourceTree = "<group>";
		};
		362C2B66178E384C00748B41 /* Classes */ = {
			isa = PBXGroup;
			children = (
				362C2B67178E384C00748B41 /* Tesseract.h */,
				362C2B68178E384C00748B41 /* Tesseract.mm */,
			);
			path = Classes;
			sourceTree = "<group>";
		};
		366FDD84178F4F440095C1A1 /* CardIO */ = {
			isa = PBXGroup;
			children = (
				366FDD85178F4F440095C1A1 /* CardIO.h */,
				366FDD86178F4F440095C1A1 /* CardIOCreditCardInfo.h */,
				366FDD87178F4F440095C1A1 /* CardIOPaymentViewController.h */,
				366FDD88178F4F440095C1A1 /* CardIOPaymentViewControllerDelegate.h */,
				366FDD89178F4F440095C1A1 /* libCardIO.a */,
			);
			path = CardIO;
			sourceTree = "<group>";
		};
		36791C19178792A3002681B7 /* ProcessAlgo */ = {
			isa = PBXGroup;
			children = (
			);
			name = ProcessAlgo;
			sourceTree = "<group>";
		};
		3692BEB7165741F3002A8605 /* iPublicUtility */ = {
			isa = PBXGroup;
			children = (
				3692BEAA165741E9002A8605 /* CADebugMacros.h */,
				3692BEAB165741E9002A8605 /* CADebugMacros.cpp */,
				3692BEAC165741E9002A8605 /* CAXException.h */,
				3692BEAD165741E9002A8605 /* CAXException.cpp */,
				3692BEAE165741E9002A8605 /* CAMath.h */,
				3692BEAF165741E9002A8605 /* CAStreamBasicDescription.h */,
				3692BEB0165741E9002A8605 /* CAStreamBasicDescription.cpp */,
			);
			name = iPublicUtility;
			sourceTree = "<group>";
		};
		36B750C2161693A700A6ED3B = {
			isa = PBXGroup;
			children = (
				36B750D7161693A700A6ED3B /* Ultrasound */,
				36B750FE161693A800A6ED3B /* UltrasoundTests */,
				36B750D0161693A700A6ED3B /* Frameworks */,
				36B750CE161693A700A6ED3B /* Products */,
			);
			sourceTree = "<group>";
		};
		36B750CE161693A700A6ED3B /* Products */ = {
			isa = PBXGroup;
			children = (
				36B750CD161693A700A6ED3B /* Ultrasound.app */,
				36B750F7161693A800A6ED3B /* UltrasoundTests.octest */,
			);
			name = Products;
			sourceTree = "<group>";
		};
		36B750D0161693A700A6ED3B /* Frameworks */ = {
			isa = PBXGroup;
			children = (
				366FDD95178F4FD50095C1A1 /* Security.framework */,
				366FDD93178F4FCB0095C1A1 /* OpenGLES.framework */,
				366FDD91178F4FC20095C1A1 /* CoreVideo.framework */,
				366FDD8F178F4FB80095C1A1 /* MobileCoreServices.framework */,
				366FDD8D178F4FAF0095C1A1 /* CoreMedia.framework */,
				366FDD8B178F4FA40095C1A1 /* AVFoundation.framework */,
				36CC7AEA1784A906004E0127 /* QuartzCore.framework */,
				36B751121616941300A6ED3B /* AudioToolbox.framework */,
				36B750D1161693A700A6ED3B /* UIKit.framework */,
				36B750D3161693A700A6ED3B /* Foundation.framework */,
				36B750D5161693A700A6ED3B /* CoreGraphics.framework */,
				36B750F8161693A800A6ED3B /* SenTestingKit.framework */,
			);
			name = Frameworks;
			sourceTree = "<group>";
		};
		36B750D7161693A700A6ED3B /* Ultrasound */ = {
			isa = PBXGroup;
			children = (
				366FDD84178F4F440095C1A1 /* CardIO */,
				366FDD82178F36F00095C1A1 /* tessdata */,
				366FDD7F178F35370095C1A1 /* phototest.gif */,
				362C2B65178E384C00748B41 /* tesseract-ios */,
				362C2AC9178E380F00748B41 /* tesseract-ios-lib */,
				36791C1D17879361002681B7 /* ProcessingFunctions.h */,
				36791C1E17879361002681B7 /* ProcessingFunctions.m */,
				36791C1F17879361002681B7 /* Clump.h */,
				36791C2017879361002681B7 /* Clump.m */,
				36791C1A178792BC002681B7 /* ProcessAlgoMain.h */,
				36791C1B178792BC002681B7 /* ProcessAlgoMain.m */,
				36791C19178792A3002681B7 /* ProcessAlgo */,
				36B750E9161693A800A6ED3B /* MainStoryboard_iPhone.storyboard */,
				36B750EC161693A800A6ED3B /* MainStoryboard_iPad.storyboard */,
				36B750EF161693A800A6ED3B /* ViewController.h */,
				36B750F0161693A800A6ED3B /* ViewController.m */,
				36C3017B1634966F00D44AE8 /* AudioPlayer.h */,
				36C3017C1634966F00D44AE8 /* AudioPlayer.m */,
				36B7510F161693E900A6ED3B /* AudioManager.h */,
				36B75110161693E900A6ED3B /* AudioManager.mm */,
				3692BE9F165740B2002A8605 /* audio_helper.h */,
				3692BEA71657414F002A8605 /* audio_helper.cpp */,
				361B1A05165AF16200BC19CB /* FFT */,
				36B750D8161693A700A6ED3B /* Supporting Files */,
				3692BEB7165741F3002A8605 /* iPublicUtility */,
				36CC7AEC1784E49D004E0127 /* Processor.h */,
				36CC7AED1784E49D004E0127 /* Processor.m */,
				362C2AC6178E1C5500748B41 /* ProcessingFunctionsC.h */,
				362C2AC7178E1C7900748B41 /* ProcessingFunctionsC.cpp */,
			);
			path = Ultrasound;
			sourceTree = "<group>";
		};
		36B750D8161693A700A6ED3B /* Supporting Files */ = {
			isa = PBXGroup;
			children = (
				36B750E0161693A700A6ED3B /* AppDelegate.h */,
				36B750E1161693A800A6ED3B /* AppDelegate.m */,
				36B750D9161693A700A6ED3B /* Ultrasound-Info.plist */,
				36B750DA161693A700A6ED3B /* InfoPlist.strings */,
				36B750DD161693A700A6ED3B /* main.m */,
				36B750DF161693A700A6ED3B /* Ultrasound-Prefix.pch */,
				36B750E3161693A800A6ED3B /* Default.png */,
				36B750E5161693A800A6ED3B /* Default@2x.png */,
				36B750E7161693A800A6ED3B /* Default-568h@2x.png */,
			);
			name = "Supporting Files";
			sourceTree = "<group>";
		};
		36B750FE161693A800A6ED3B /* UltrasoundTests */ = {
			isa = PBXGroup;
			children = (
				36B75104161693A800A6ED3B /* UltrasoundTests.h */,
				36B75105161693A800A6ED3B /* UltrasoundTests.m */,
				36B750FF161693A800A6ED3B /* Supporting Files */,
			);
			path = UltrasoundTests;
			sourceTree = "<group>";
		};
		36B750FF161693A800A6ED3B /* Supporting Files */ = {
			isa = PBXGroup;
			children = (
				36B75100161693A800A6ED3B /* UltrasoundTests-Info.plist */,
				36B75101161693A800A6ED3B /* InfoPlist.strings */,
			);
			name = "Supporting Files";
			sourceTree = "<group>";
		};
/* End PBXGroup section */

/* Begin PBXNativeTarget section */
		36B750CC161693A700A6ED3B /* Ultrasound */ = {
			isa = PBXNativeTarget;
			buildConfigurationList = 36B75109161693A800A6ED3B /* Build configuration list for PBXNativeTarget "Ultrasound" */;
			buildPhases = (
				36B750C9161693A700A6ED3B /* Sources */,
				36B750CA161693A700A6ED3B /* Frameworks */,
				36B750CB161693A700A6ED3B /* Resources */,
			);
			buildRules = (
			);
			dependencies = (
			);
			name = Ultrasound;
			productName = Ultrasound;
			productReference = 36B750CD161693A700A6ED3B /* Ultrasound.app */;
			productType = "com.apple.product-type.application";
		};
		36B750F6161693A800A6ED3B /* UltrasoundTests */ = {
			isa = PBXNativeTarget;
			buildConfigurationList = 36B7510C161693A800A6ED3B /* Build configuration list for PBXNativeTarget "UltrasoundTests" */;
			buildPhases = (
				36B750F2161693A800A6ED3B /* Sources */,
				36B750F3161693A800A6ED3B /* Frameworks */,
				36B750F4161693A800A6ED3B /* Resources */,
				36B750F5161693A800A6ED3B /* ShellScript */,
			);
			buildRules = (
			);
			dependencies = (
				36B750FD161693A800A6ED3B /* PBXTargetDependency */,
			);
			name = UltrasoundTests;
			productName = UltrasoundTests;
			productReference = 36B750F7161693A800A6ED3B /* UltrasoundTests.octest */;
			productType = "com.apple.product-type.bundle";
		};
/* End PBXNativeTarget section */

/* Begin PBXProject section */
		36B750C4161693A700A6ED3B /* Project object */ = {
			isa = PBXProject;
			attributes = {
				LastUpgradeCheck = 0450;
				ORGANIZATIONNAME = AppDev;
			};
			buildConfigurationList = 36B750C7161693A700A6ED3B /* Build configuration list for PBXProject "Ultrasound" */;
			compatibilityVersion = "Xcode 3.2";
			developmentRegion = English;
			hasScannedForEncodings = 0;
			knownRegions = (
				en,
			);
			mainGroup = 36B750C2161693A700A6ED3B;
			productRefGroup = 36B750CE161693A700A6ED3B /* Products */;
			projectDirPath = "";
			projectRoot = "";
			targets = (
				36B750CC161693A700A6ED3B /* Ultrasound */,
				36B750F6161693A800A6ED3B /* UltrasoundTests */,
			);
		};
/* End PBXProject section */

/* Begin PBXResourcesBuildPhase section */
		36B750CB161693A700A6ED3B /* Resources */ = {
			isa = PBXResourcesBuildPhase;
			buildActionMask = 2147483647;
			files = (
				36B750DC161693A700A6ED3B /* InfoPlist.strings in Resources */,
				36B750E4161693A800A6ED3B /* Default.png in Resources */,
				36B750E6161693A800A6ED3B /* Default@2x.png in Resources */,
				36B750E8161693A800A6ED3B /* Default-568h@2x.png in Resources */,
				36B750EB161693A800A6ED3B /* MainStoryboard_iPhone.storyboard in Resources */,
				36B750EE161693A800A6ED3B /* MainStoryboard_iPad.storyboard in Resources */,
				362C2B61178E381000748B41 /* .gitignore in Resources */,
				362C2B64178E381000748B41 /* README.md in Resources */,
				362C2B6C178E384C00748B41 /* LICENSE in Resources */,
				362C2B6D178E384C00748B41 /* README.md in Resources */,
				366FDD80178F35370095C1A1 /* phototest.gif in Resources */,
				366FDD83178F36F00095C1A1 /* tessdata in Resources */,
			);
			runOnlyForDeploymentPostprocessing = 0;
		};
		36B750F4161693A800A6ED3B /* Resources */ = {
			isa = PBXResourcesBuildPhase;
			buildActionMask = 2147483647;
			files = (
				36B75103161693A800A6ED3B /* InfoPlist.strings in Resources */,
			);
			runOnlyForDeploymentPostprocessing = 0;
		};
/* End PBXResourcesBuildPhase section */

/* Begin PBXShellScriptBuildPhase section */
		36B750F5161693A800A6ED3B /* ShellScript */ = {
			isa = PBXShellScriptBuildPhase;
			buildActionMask = 2147483647;
			files = (
			);
			inputPaths = (
			);
			outputPaths = (
			);
			runOnlyForDeploymentPostprocessing = 0;
			shellPath = /bin/sh;
			shellScript = "# Run the unit tests in this test bundle.\n\"${SYSTEM_DEVELOPER_DIR}/Tools/RunUnitTests\"\n";
		};
/* End PBXShellScriptBuildPhase section */

/* Begin PBXSourcesBuildPhase section */
		36B750C9161693A700A6ED3B /* Sources */ = {
			isa = PBXSourcesBuildPhase;
			buildActionMask = 2147483647;
			files = (
				362C2AC8178E1C7900748B41 /* ProcessingFunctionsC.cpp in Sources */,
				36B750DE161693A700A6ED3B /* main.m in Sources */,
				36B750E2161693A800A6ED3B /* AppDelegate.m in Sources */,
				36B750F1161693A800A6ED3B /* ViewController.m in Sources */,
				36B75111161693E900A6ED3B /* AudioManager.mm in Sources */,
				36C3017D1634966F00D44AE8 /* AudioPlayer.m in Sources */,
				3692BEA81657414F002A8605 /* audio_helper.cpp in Sources */,
				3692BEB1165741E9002A8605 /* CADebugMacros.cpp in Sources */,
				3692BEB3165741E9002A8605 /* CAXException.cpp in Sources */,
				3692BEB5165741E9002A8605 /* CAStreamBasicDescription.cpp in Sources */,
				361B19FA165AF09A00BC19CB /* FFTBufferManager.cpp in Sources */,
				361B1A01165AF15100BC19CB /* rad2fft.c in Sources */,
				361B1A03165AF15100BC19CB /* SpectrumAnalysis.cpp in Sources */,
				36CC7AEE1784E49E004E0127 /* Processor.m in Sources */,
				36791C1C178792BC002681B7 /* ProcessAlgoMain.m in Sources */,
				36791C2317879361002681B7 /* Clump.m in Sources */,
				363EA613178E196200A27151 /* ProcessingFunctions.m in Sources */,
				362C2B6B178E384C00748B41 /* Tesseract.mm in Sources */,
			);
			runOnlyForDeploymentPostprocessing = 0;
		};
		36B750F2161693A800A6ED3B /* Sources */ = {
			isa = PBXSourcesBuildPhase;
			buildActionMask = 2147483647;
			files = (
				36B75106161693A800A6ED3B /* UltrasoundTests.m in Sources */,
				3692BEA91657414F002A8605 /* audio_helper.cpp in Sources */,
				3692BEB2165741E9002A8605 /* CADebugMacros.cpp in Sources */,
				3692BEB4165741E9002A8605 /* CAXException.cpp in Sources */,
				3692BEB6165741E9002A8605 /* CAStreamBasicDescription.cpp in Sources */,
				361B19FB165AF09A00BC19CB /* FFTBufferManager.cpp in Sources */,
				361B1A02165AF15100BC19CB /* rad2fft.c in Sources */,
				361B1A04165AF15100BC19CB /* SpectrumAnalysis.cpp in Sources */,
				36791C2217879361002681B7 /* ProcessingFunctions.m in Sources */,
				36791C2417879361002681B7 /* Clump.m in Sources */,
			);
			runOnlyForDeploymentPostprocessing = 0;
		};
/* End PBXSourcesBuildPhase section */

/* Begin PBXTargetDependency section */
		36B750FD161693A800A6ED3B /* PBXTargetDependency */ = {
			isa = PBXTargetDependency;
			target = 36B750CC161693A700A6ED3B /* Ultrasound */;
			targetProxy = 36B750FC161693A800A6ED3B /* PBXContainerItemProxy */;
		};
/* End PBXTargetDependency section */

/* Begin PBXVariantGroup section */
		36B750DA161693A700A6ED3B /* InfoPlist.strings */ = {
			isa = PBXVariantGroup;
			children = (
				36B750DB161693A700A6ED3B /* en */,
			);
			name = InfoPlist.strings;
			sourceTree = "<group>";
		};
		36B750E9161693A800A6ED3B /* MainStoryboard_iPhone.storyboard */ = {
			isa = PBXVariantGroup;
			children = (
				36B750EA161693A800A6ED3B /* en */,
			);
			name = MainStoryboard_iPhone.storyboard;
			sourceTree = "<group>";
		};
		36B750EC161693A800A6ED3B /* MainStoryboard_iPad.storyboard */ = {
			isa = PBXVariantGroup;
			children = (
				36B750ED161693A800A6ED3B /* en */,
			);
			name = MainStoryboard_iPad.storyboard;
			sourceTree = "<group>";
		};
		36B75101161693A800A6ED3B /* InfoPlist.strings */ = {
			isa = PBXVariantGroup;
			children = (
				36B75102161693A800A6ED3B /* en */,
			);
			name = InfoPlist.strings;
			sourceTree = "<group>";
		};
/* End PBXVariantGroup section */

/* Begin XCBuildConfiguration section */
		36B75107161693A800A6ED3B /* Debug */ = {
			isa = XCBuildConfiguration;
			buildSettings = {
				ALWAYS_SEARCH_USER_PATHS = NO;
				CLANG_CXX_LANGUAGE_STANDARD = "gnu++0x";
				CLANG_CXX_LIBRARY = "libc++";
				CLANG_ENABLE_OBJC_ARC = YES;
				CLANG_WARN_EMPTY_BODY = YES;
				CLANG_WARN__DUPLICATE_METHOD_MATCH = YES;
				"CODE_SIGN_IDENTITY[sdk=iphoneos*]" = "iPhone Developer";
				COPY_PHASE_STRIP = NO;
				GCC_C_LANGUAGE_STANDARD = gnu99;
				GCC_DYNAMIC_NO_PIC = NO;
				GCC_OPTIMIZATION_LEVEL = 0;
				GCC_PREPROCESSOR_DEFINITIONS = (
					"DEBUG=1",
					"$(inherited)",
				);
				GCC_SYMBOLS_PRIVATE_EXTERN = NO;
				GCC_WARN_ABOUT_RETURN_TYPE = YES;
				GCC_WARN_UNINITIALIZED_AUTOS = YES;
				GCC_WARN_UNUSED_VARIABLE = YES;
				IPHONEOS_DEPLOYMENT_TARGET = 6.0;
				SDKROOT = iphoneos;
				TARGETED_DEVICE_FAMILY = "1,2";
			};
			name = Debug;
		};
		36B75108161693A800A6ED3B /* Release */ = {
			isa = XCBuildConfiguration;
			buildSettings = {
				ALWAYS_SEARCH_USER_PATHS = NO;
				CLANG_CXX_LANGUAGE_STANDARD = "gnu++0x";
				CLANG_CXX_LIBRARY = "libc++";
				CLANG_ENABLE_OBJC_ARC = YES;
				CLANG_WARN_EMPTY_BODY = YES;
				CLANG_WARN__DUPLICATE_METHOD_MATCH = YES;
				"CODE_SIGN_IDENTITY[sdk=iphoneos*]" = "iPhone Developer";
				COPY_PHASE_STRIP = YES;
				GCC_C_LANGUAGE_STANDARD = gnu99;
				GCC_WARN_ABOUT_RETURN_TYPE = YES;
				GCC_WARN_UNINITIALIZED_AUTOS = YES;
				GCC_WARN_UNUSED_VARIABLE = YES;
				IPHONEOS_DEPLOYMENT_TARGET = 6.0;
				OTHER_CFLAGS = "-DNS_BLOCK_ASSERTIONS=1";
				SDKROOT = iphoneos;
				TARGETED_DEVICE_FAMILY = "1,2";
				VALIDATE_PRODUCT = YES;
			};
			name = Release;
		};
		36B7510A161693A800A6ED3B /* Debug */ = {
			isa = XCBuildConfiguration;
			buildSettings = {
				CLANG_CXX_LIBRARY = "compiler-default";
				GCC_PRECOMPILE_PREFIX_HEADER = YES;
				GCC_PREFIX_HEADER = "Ultrasound/Ultrasound-Prefix.pch";
				INFOPLIST_FILE = "Ultrasound/Ultrasound-Info.plist";
				LIBRARY_SEARCH_PATHS = (
					"$(inherited)",
					"\"$(SRCROOT)/Ultrasound/tesseract-ios-lib/lib\"",
					"\"$(SRCROOT)/Ultrasound/CardIO\"",
				);
				ONLY_ACTIVE_ARCH = YES;
				OTHER_LDFLAGS = "-lc++";
				PRODUCT_NAME = "$(TARGET_NAME)";
				WRAPPER_EXTENSION = app;
			};
			name = Debug;
		};
		36B7510B161693A800A6ED3B /* Release */ = {
			isa = XCBuildConfiguration;
			buildSettings = {
				CLANG_CXX_LIBRARY = "compiler-default";
				GCC_PRECOMPILE_PREFIX_HEADER = YES;
				GCC_PREFIX_HEADER = "Ultrasound/Ultrasound-Prefix.pch";
				INFOPLIST_FILE = "Ultrasound/Ultrasound-Info.plist";
				LIBRARY_SEARCH_PATHS = (
					"$(inherited)",
					"\"$(SRCROOT)/Ultrasound/tesseract-ios-lib/lib\"",
					"\"$(SRCROOT)/Ultrasound/CardIO\"",
				);
				ONLY_ACTIVE_ARCH = YES;
				OTHER_LDFLAGS = "-lc++";
				PRODUCT_NAME = "$(TARGET_NAME)";
				WRAPPER_EXTENSION = app;
			};
			name = Release;
		};
		36B7510D161693A800A6ED3B /* Debug */ = {
			isa = XCBuildConfiguration;
			buildSettings = {
				BUNDLE_LOADER = "$(BUILT_PRODUCTS_DIR)/Ultrasound.app/Ultrasound";
				FRAMEWORK_SEARCH_PATHS = (
					"\"$(SDKROOT)/Developer/Library/Frameworks\"",
					"\"$(DEVELOPER_LIBRARY_DIR)/Frameworks\"",
				);
				GCC_PRECOMPILE_PREFIX_HEADER = YES;
				GCC_PREFIX_HEADER = "Ultrasound/Ultrasound-Prefix.pch";
				INFOPLIST_FILE = "UltrasoundTests/UltrasoundTests-Info.plist";
				PRODUCT_NAME = "$(TARGET_NAME)";
				TEST_HOST = "$(BUNDLE_LOADER)";
				WRAPPER_EXTENSION = octest;
			};
			name = Debug;
		};
		36B7510E161693A800A6ED3B /* Release */ = {
			isa = XCBuildConfiguration;
			buildSettings = {
				BUNDLE_LOADER = "$(BUILT_PRODUCTS_DIR)/Ultrasound.app/Ultrasound";
				FRAMEWORK_SEARCH_PATHS = (
					"\"$(SDKROOT)/Developer/Library/Frameworks\"",
					"\"$(DEVELOPER_LIBRARY_DIR)/Frameworks\"",
				);
				GCC_PRECOMPILE_PREFIX_HEADER = YES;
				GCC_PREFIX_HEADER = "Ultrasound/Ultrasound-Prefix.pch";
				INFOPLIST_FILE = "UltrasoundTests/UltrasoundTests-Info.plist";
				PRODUCT_NAME = "$(TARGET_NAME)";
				TEST_HOST = "$(BUNDLE_LOADER)";
				WRAPPER_EXTENSION = octest;
			};
			name = Release;
		};
/* End XCBuildConfiguration section */

/* Begin XCConfigurationList section */
		36B750C7161693A700A6ED3B /* Build configuration list for PBXProject "Ultrasound" */ = {
			isa = XCConfigurationList;
			buildConfigurations = (
				36B75107161693A800A6ED3B /* Debug */,
				36B75108161693A800A6ED3B /* Release */,
			);
			defaultConfigurationIsVisible = 0;
			defaultConfigurationName = Release;
		};
		36B75109161693A800A6ED3B /* Build configuration list for PBXNativeTarget "Ultrasound" */ = {
			isa = XCConfigurationList;
			buildConfigurations = (
				36B7510A161693A800A6ED3B /* Debug */,
				36B7510B161693A800A6ED3B /* Release */,
			);
			defaultConfigurationIsVisible = 0;
			defaultConfigurationName = Release;
		};
		36B7510C161693A800A6ED3B /* Build configuration list for PBXNativeTarget "UltrasoundTests" */ = {
			isa = XCConfigurationList;
			buildConfigurations = (
				36B7510D161693A800A6ED3B /* Debug */,
				36B7510E161693A800A6ED3B /* Release */,
			);
			defaultConfigurationIsVisible = 0;
			defaultConfigurationName = Release;
		};
/* End XCConfigurationList section */
	};
	rootObject = 36B750C4161693A700A6ED3B /* Project object */;
}
